// !$*UTF8*$!
{
	archiveVersion = 1;
	classes = {
	};
	objectVersion = 46;
	objects = {

/* Begin PBXBuildFile section */
		8C08E2F31D6160320011F10C /* TagInfo.swift in Sources */ = {isa = PBXBuildFile; fileRef = 8C08E2F21D6160320011F10C /* TagInfo.swift */; };
		8C08E2F51D61610C0011F10C /* TagFrameInfo.swift in Sources */ = {isa = PBXBuildFile; fileRef = 8C08E2F41D61610C0011F10C /* TagFrameInfo.swift */; };
		8C08E2F71D616C290011F10C /* TagView.swift in Sources */ = {isa = PBXBuildFile; fileRef = 8C08E2F61D616C290011F10C /* TagView.swift */; };
		8C08E2F91D619B460011F10C /* ImageExtention.swift in Sources */ = {isa = PBXBuildFile; fileRef = 8C08E2F81D619B460011F10C /* ImageExtention.swift */; };
		8C08E2FD1D62B8DC0011F10C /* AddTagController.swift in Sources */ = {isa = PBXBuildFile; fileRef = 8C08E2FC1D62B8DC0011F10C /* AddTagController.swift */; };
		8C08E2FF1D62F3280011F10C /* TagImageView.swift in Sources */ = {isa = PBXBuildFile; fileRef = 8C08E2FE1D62F3280011F10C /* TagImageView.swift */; };
		8C63CE741D63FAEC00F0C774 /* EditItemTextController.swift in Sources */ = {isa = PBXBuildFile; fileRef = 8C63CE731D63FAEC00F0C774 /* EditItemTextController.swift */; };
		8C63CE761D63FE2A00F0C774 /* PushItemInfo.swift in Sources */ = {isa = PBXBuildFile; fileRef = 8C63CE751D63FE2A00F0C774 /* PushItemInfo.swift */; };
		8C63CE781D64001C00F0C774 /* Login.storyboard in Resources */ = {isa = PBXBuildFile; fileRef = 8C63CE771D64001C00F0C774 /* Login.storyboard */; };
		8C63CE831D64066F00F0C774 /* HomeViewController.swift in Sources */ = {isa = PBXBuildFile; fileRef = 8C63CE821D64066F00F0C774 /* HomeViewController.swift */; };
		8C63CE851D6406D300F0C774 /* LoginViewController.swift in Sources */ = {isa = PBXBuildFile; fileRef = 8C63CE841D6406D300F0C774 /* LoginViewController.swift */; };
		8C63CE871D64081B00F0C774 /* RegisterController.swift in Sources */ = {isa = PBXBuildFile; fileRef = 8C63CE861D64081B00F0C774 /* RegisterController.swift */; };
		8C63CECC1D6461EB00F0C774 /* UserViewController.swift in Sources */ = {isa = PBXBuildFile; fileRef = 8C63CECB1D6461EB00F0C774 /* UserViewController.swift */; };
		8C63CED11D654F5300F0C774 /* ItemCell.swift in Sources */ = {isa = PBXBuildFile; fileRef = 8C63CECF1D654F5300F0C774 /* ItemCell.swift */; };
		8C63CED21D654F5300F0C774 /* ItemCell.xib in Resources */ = {isa = PBXBuildFile; fileRef = 8C63CED01D654F5300F0C774 /* ItemCell.xib */; };
		8C63CED41D65B50B00F0C774 /* TimeLineView.swift in Sources */ = {isa = PBXBuildFile; fileRef = 8C63CED31D65B50B00F0C774 /* TimeLineView.swift */; };
		8C63CEF21D6FE02F00F0C774 /* UITableView+FDIndexPathHeightCache.m in Sources */ = {isa = PBXBuildFile; fileRef = 8C63CEEB1D6FE02F00F0C774 /* UITableView+FDIndexPathHeightCache.m */; };
		8C63CEF31D6FE02F00F0C774 /* UITableView+FDKeyedHeightCache.m in Sources */ = {isa = PBXBuildFile; fileRef = 8C63CEED1D6FE02F00F0C774 /* UITableView+FDKeyedHeightCache.m */; };
		8C63CEF41D6FE02F00F0C774 /* UITableView+FDTemplateLayoutCell.m in Sources */ = {isa = PBXBuildFile; fileRef = 8C63CEEF1D6FE02F00F0C774 /* UITableView+FDTemplateLayoutCell.m */; };
		8C63CEF51D6FE02F00F0C774 /* UITableView+FDTemplateLayoutCellDebug.m in Sources */ = {isa = PBXBuildFile; fileRef = 8C63CEF11D6FE02F00F0C774 /* UITableView+FDTemplateLayoutCellDebug.m */; };
		8C63CEFB1D7011F200F0C774 /* MyCell.swift in Sources */ = {isa = PBXBuildFile; fileRef = 8C63CEF91D7011F200F0C774 /* MyCell.swift */; };
		8C63CEFC1D7011F200F0C774 /* MyCell.xib in Resources */ = {isa = PBXBuildFile; fileRef = 8C63CEFA1D7011F200F0C774 /* MyCell.xib */; };
		8C63CEFF1D70266E00F0C774 /* ItemContent.swift in Sources */ = {isa = PBXBuildFile; fileRef = 8C63CEFE1D70266E00F0C774 /* ItemContent.swift */; };
		8C63CF011D7140E500F0C774 /* AspectFitImageView.swift in Sources */ = {isa = PBXBuildFile; fileRef = 8C63CF001D7140E500F0C774 /* AspectFitImageView.swift */; };
		8C7D3DFF1D5349CA00D21B5A /* AppDelegate.swift in Sources */ = {isa = PBXBuildFile; fileRef = 8C7D3DFE1D5349CA00D21B5A /* AppDelegate.swift */; };
		8C7D3E011D5349CA00D21B5A /* ViewController.swift in Sources */ = {isa = PBXBuildFile; fileRef = 8C7D3E001D5349CA00D21B5A /* ViewController.swift */; };
		8C7D3E041D5349CA00D21B5A /* Main.storyboard in Resources */ = {isa = PBXBuildFile; fileRef = 8C7D3E021D5349CA00D21B5A /* Main.storyboard */; };
		8C7D3E061D5349CA00D21B5A /* Assets.xcassets in Resources */ = {isa = PBXBuildFile; fileRef = 8C7D3E051D5349CA00D21B5A /* Assets.xcassets */; };
		8C7D3E091D5349CA00D21B5A /* LaunchScreen.storyboard in Resources */ = {isa = PBXBuildFile; fileRef = 8C7D3E071D5349CA00D21B5A /* LaunchScreen.storyboard */; };
		8C7D3E141D5349CA00D21B5A /* SiwuTests.swift in Sources */ = {isa = PBXBuildFile; fileRef = 8C7D3E131D5349CA00D21B5A /* SiwuTests.swift */; };
		8C7D3E1F1D5349CA00D21B5A /* SiwuUITests.swift in Sources */ = {isa = PBXBuildFile; fileRef = 8C7D3E1E1D5349CA00D21B5A /* SiwuUITests.swift */; };
		8C7D3E351D53606700D21B5A /* PushViewController.swift in Sources */ = {isa = PBXBuildFile; fileRef = 8C7D3E341D53606700D21B5A /* PushViewController.swift */; };
		8C7D3E371D5360A100D21B5A /* CreateItemViewController.swift in Sources */ = {isa = PBXBuildFile; fileRef = 8C7D3E361D5360A100D21B5A /* CreateItemViewController.swift */; };
		8C7D3E4A1D543C7200D21B5A /* PhotoPickerViewController.swift in Sources */ = {isa = PBXBuildFile; fileRef = 8C7D3E491D543C7200D21B5A /* PhotoPickerViewController.swift */; };
		8C7D3E4F1D543DFD00D21B5A /* VPImageCropperViewController.m in Sources */ = {isa = PBXBuildFile; fileRef = 8C7D3E4E1D543DFD00D21B5A /* VPImageCropperViewController.m */; };
		8C7D3E521D543EB700D21B5A /* Config.swift in Sources */ = {isa = PBXBuildFile; fileRef = 8C7D3E511D543EB700D21B5A /* Config.swift */; };
		8C7D3E5B1D5469A300D21B5A /* JVFloatLabeledTextField.m in Sources */ = {isa = PBXBuildFile; fileRef = 8C7D3E561D5469A300D21B5A /* JVFloatLabeledTextField.m */; };
		8C7D3E5C1D5469A300D21B5A /* JVFloatLabeledTextView.m in Sources */ = {isa = PBXBuildFile; fileRef = 8C7D3E581D5469A300D21B5A /* JVFloatLabeledTextView.m */; };
		8C7D3E5D1D5469A300D21B5A /* NSString+TextDirectionality.m in Sources */ = {isa = PBXBuildFile; fileRef = 8C7D3E5A1D5469A300D21B5A /* NSString+TextDirectionality.m */; };
		8CAF94131D59BA8300EFDEB2 /* libz.tbd in Frameworks */ = {isa = PBXBuildFile; fileRef = 8CAF94121D59BA8300EFDEB2 /* libz.tbd */; };
		8CAF94151D59BB0000EFDEB2 /* libc++.tbd in Frameworks */ = {isa = PBXBuildFile; fileRef = 8CAF94141D59BB0000EFDEB2 /* libc++.tbd */; };
		8CAF94171D59BB0E00EFDEB2 /* libicucore.tbd in Frameworks */ = {isa = PBXBuildFile; fileRef = 8CAF94161D59BB0E00EFDEB2 /* libicucore.tbd */; };
		8CAF94191D59BB1900EFDEB2 /* libsqlite3.tbd in Frameworks */ = {isa = PBXBuildFile; fileRef = 8CAF94181D59BB1900EFDEB2 /* libsqlite3.tbd */; };
		8CAF941B1D59BB2600EFDEB2 /* SystemConfiguration.framework in Frameworks */ = {isa = PBXBuildFile; fileRef = 8CAF941A1D59BB2600EFDEB2 /* SystemConfiguration.framework */; };
		8CAF941D1D59BB3800EFDEB2 /* MobileCoreServices.framework in Frameworks */ = {isa = PBXBuildFile; fileRef = 8CAF941C1D59BB3800EFDEB2 /* MobileCoreServices.framework */; };
		8CAF941F1D59BB4500EFDEB2 /* CoreTelephony.framework in Frameworks */ = {isa = PBXBuildFile; fileRef = 8CAF941E1D59BB4500EFDEB2 /* CoreTelephony.framework */; };
		8CAF94211D59BB5000EFDEB2 /* CoreLocation.framework in Frameworks */ = {isa = PBXBuildFile; fileRef = 8CAF94201D59BB5000EFDEB2 /* CoreLocation.framework */; };
		97A0A3A51D649C550074107D /* AVOSCloud.framework in Frameworks */ = {isa = PBXBuildFile; fileRef = 97A0A3901D649C3D0074107D /* AVOSCloud.framework */; };
		97A0A3A61D649C550074107D /* AVOSCloudIM.framework in Frameworks */ = {isa = PBXBuildFile; fileRef = 97A0A39C1D649C3D0074107D /* AVOSCloudIM.framework */; };
		97FFBF2D1D6015DB0074839E /* ProgressHUD.bundle in Resources */ = {isa = PBXBuildFile; fileRef = 97FFBF2A1D6015DB0074839E /* ProgressHUD.bundle */; };
		97FFBF2E1D6015DB0074839E /* ProgressHUD.m in Sources */ = {isa = PBXBuildFile; fileRef = 97FFBF2C1D6015DB0074839E /* ProgressHUD.m */; };
		97FFBF511D6015ED0074839E /* MKAnnotationView+WebCache.m in Sources */ = {isa = PBXBuildFile; fileRef = 97FFBF311D6015ED0074839E /* MKAnnotationView+WebCache.m */; };
		97FFBF521D6015ED0074839E /* NSData+ImageContentType.m in Sources */ = {isa = PBXBuildFile; fileRef = 97FFBF331D6015ED0074839E /* NSData+ImageContentType.m */; };
		97FFBF531D6015ED0074839E /* SDImageCache.m in Sources */ = {isa = PBXBuildFile; fileRef = 97FFBF351D6015ED0074839E /* SDImageCache.m */; };
		97FFBF541D6015ED0074839E /* SDWebImageCompat.m in Sources */ = {isa = PBXBuildFile; fileRef = 97FFBF371D6015ED0074839E /* SDWebImageCompat.m */; };
		97FFBF551D6015ED0074839E /* SDWebImageDecoder.m in Sources */ = {isa = PBXBuildFile; fileRef = 97FFBF391D6015ED0074839E /* SDWebImageDecoder.m */; };
		97FFBF561D6015ED0074839E /* SDWebImageDownloader.m in Sources */ = {isa = PBXBuildFile; fileRef = 97FFBF3B1D6015ED0074839E /* SDWebImageDownloader.m */; };
		97FFBF571D6015ED0074839E /* SDWebImageDownloaderOperation.m in Sources */ = {isa = PBXBuildFile; fileRef = 97FFBF3D1D6015ED0074839E /* SDWebImageDownloaderOperation.m */; };
		97FFBF581D6015ED0074839E /* SDWebImageManager.m in Sources */ = {isa = PBXBuildFile; fileRef = 97FFBF3F1D6015ED0074839E /* SDWebImageManager.m */; };
		97FFBF591D6015ED0074839E /* SDWebImagePrefetcher.m in Sources */ = {isa = PBXBuildFile; fileRef = 97FFBF421D6015ED0074839E /* SDWebImagePrefetcher.m */; };
		97FFBF5A1D6015ED0074839E /* UIButton+WebCache.m in Sources */ = {isa = PBXBuildFile; fileRef = 97FFBF441D6015ED0074839E /* UIButton+WebCache.m */; };
		97FFBF5B1D6015ED0074839E /* UIImage+GIF.m in Sources */ = {isa = PBXBuildFile; fileRef = 97FFBF461D6015ED0074839E /* UIImage+GIF.m */; };
		97FFBF5C1D6015ED0074839E /* UIImage+MultiFormat.m in Sources */ = {isa = PBXBuildFile; fileRef = 97FFBF481D6015ED0074839E /* UIImage+MultiFormat.m */; };
		97FFBF5D1D6015ED0074839E /* UIImage+WebP.m in Sources */ = {isa = PBXBuildFile; fileRef = 97FFBF4A1D6015ED0074839E /* UIImage+WebP.m */; };
		97FFBF5E1D6015ED0074839E /* UIImageView+HighlightedWebCache.m in Sources */ = {isa = PBXBuildFile; fileRef = 97FFBF4C1D6015ED0074839E /* UIImageView+HighlightedWebCache.m */; };
		97FFBF5F1D6015ED0074839E /* UIImageView+WebCache.m in Sources */ = {isa = PBXBuildFile; fileRef = 97FFBF4E1D6015ED0074839E /* UIImageView+WebCache.m */; };
		97FFBF601D6015ED0074839E /* UIView+WebCacheOperation.m in Sources */ = {isa = PBXBuildFile; fileRef = 97FFBF501D6015ED0074839E /* UIView+WebCacheOperation.m */; };
		97FFBF901D6016040074839E /* MJRefreshAutoFooter.m in Sources */ = {isa = PBXBuildFile; fileRef = 97FFBF641D6016040074839E /* MJRefreshAutoFooter.m */; };
		97FFBF911D6016040074839E /* MJRefreshBackFooter.m in Sources */ = {isa = PBXBuildFile; fileRef = 97FFBF661D6016040074839E /* MJRefreshBackFooter.m */; };
		97FFBF921D6016040074839E /* MJRefreshComponent.m in Sources */ = {isa = PBXBuildFile; fileRef = 97FFBF681D6016040074839E /* MJRefreshComponent.m */; };
		97FFBF931D6016040074839E /* MJRefreshFooter.m in Sources */ = {isa = PBXBuildFile; fileRef = 97FFBF6A1D6016040074839E /* MJRefreshFooter.m */; };
		97FFBF941D6016040074839E /* MJRefreshHeader.m in Sources */ = {isa = PBXBuildFile; fileRef = 97FFBF6C1D6016040074839E /* MJRefreshHeader.m */; };
		97FFBF951D6016040074839E /* MJRefreshAutoGifFooter.m in Sources */ = {isa = PBXBuildFile; fileRef = 97FFBF711D6016040074839E /* MJRefreshAutoGifFooter.m */; };
		97FFBF961D6016040074839E /* MJRefreshAutoNormalFooter.m in Sources */ = {isa = PBXBuildFile; fileRef = 97FFBF731D6016040074839E /* MJRefreshAutoNormalFooter.m */; };
		97FFBF971D6016040074839E /* MJRefreshAutoStateFooter.m in Sources */ = {isa = PBXBuildFile; fileRef = 97FFBF751D6016040074839E /* MJRefreshAutoStateFooter.m */; };
		97FFBF981D6016040074839E /* MJRefreshBackGifFooter.m in Sources */ = {isa = PBXBuildFile; fileRef = 97FFBF781D6016040074839E /* MJRefreshBackGifFooter.m */; };
		97FFBF991D6016040074839E /* MJRefreshBackNormalFooter.m in Sources */ = {isa = PBXBuildFile; fileRef = 97FFBF7A1D6016040074839E /* MJRefreshBackNormalFooter.m */; };
		97FFBF9A1D6016040074839E /* MJRefreshBackStateFooter.m in Sources */ = {isa = PBXBuildFile; fileRef = 97FFBF7C1D6016040074839E /* MJRefreshBackStateFooter.m */; };
		97FFBF9B1D6016040074839E /* MJRefreshGifHeader.m in Sources */ = {isa = PBXBuildFile; fileRef = 97FFBF7F1D6016040074839E /* MJRefreshGifHeader.m */; };
		97FFBF9C1D6016040074839E /* MJRefreshNormalHeader.m in Sources */ = {isa = PBXBuildFile; fileRef = 97FFBF811D6016040074839E /* MJRefreshNormalHeader.m */; };
		97FFBF9D1D6016040074839E /* MJRefreshStateHeader.m in Sources */ = {isa = PBXBuildFile; fileRef = 97FFBF831D6016040074839E /* MJRefreshStateHeader.m */; };
		97FFBF9E1D6016040074839E /* MJRefresh.bundle in Resources */ = {isa = PBXBuildFile; fileRef = 97FFBF841D6016040074839E /* MJRefresh.bundle */; };
		97FFBF9F1D6016040074839E /* MJRefreshConst.m in Sources */ = {isa = PBXBuildFile; fileRef = 97FFBF871D6016040074839E /* MJRefreshConst.m */; };
		97FFBFA01D6016040074839E /* NSBundle+MJRefresh.m in Sources */ = {isa = PBXBuildFile; fileRef = 97FFBF891D6016040074839E /* NSBundle+MJRefresh.m */; };
		97FFBFA11D6016040074839E /* UIScrollView+MJExtension.m in Sources */ = {isa = PBXBuildFile; fileRef = 97FFBF8B1D6016040074839E /* UIScrollView+MJExtension.m */; };
		97FFBFA21D6016040074839E /* UIScrollView+MJRefresh.m in Sources */ = {isa = PBXBuildFile; fileRef = 97FFBF8D1D6016040074839E /* UIScrollView+MJRefresh.m */; };
		97FFBFA31D6016040074839E /* UIView+MJExtension.m in Sources */ = {isa = PBXBuildFile; fileRef = 97FFBF8F1D6016040074839E /* UIView+MJExtension.m */; };
		97FFBFA71D601B880074839E /* MainTabBar.swift in Sources */ = {isa = PBXBuildFile; fileRef = 97FFBFA61D601B880074839E /* MainTabBar.swift */; };
		97FFBFA91D601EF10074839E /* MainTabBarController.swift in Sources */ = {isa = PBXBuildFile; fileRef = 97FFBFA81D601EF10074839E /* MainTabBarController.swift */; };
		97FFBFAD1D602EDB0074839E /* EditImageController.swift in Sources */ = {isa = PBXBuildFile; fileRef = 97FFBFAC1D602EDB0074839E /* EditImageController.swift */; };
		97FFBFAF1D6030BA0074839E /* MainEditImageController.swift in Sources */ = {isa = PBXBuildFile; fileRef = 97FFBFAE1D6030BA0074839E /* MainEditImageController.swift */; };
		97FFBFB11D6031E30074839E /* PushImage.storyboard in Resources */ = {isa = PBXBuildFile; fileRef = 97FFBFB01D6031E30074839E /* PushImage.storyboard */; };
/* End PBXBuildFile section */

/* Begin PBXContainerItemProxy section */
		8C7D3E101D5349CA00D21B5A /* PBXContainerItemProxy */ = {
			isa = PBXContainerItemProxy;
			containerPortal = 8C7D3DF31D5349CA00D21B5A /* Project object */;
			proxyType = 1;
			remoteGlobalIDString = 8C7D3DFA1D5349CA00D21B5A;
			remoteInfo = Siwu;
		};
		8C7D3E1B1D5349CA00D21B5A /* PBXContainerItemProxy */ = {
			isa = PBXContainerItemProxy;
			containerPortal = 8C7D3DF31D5349CA00D21B5A /* Project object */;
			proxyType = 1;
			remoteGlobalIDString = 8C7D3DFA1D5349CA00D21B5A;
			remoteInfo = Siwu;
		};
		97A0A38F1D649C3D0074107D /* PBXContainerItemProxy */ = {
			isa = PBXContainerItemProxy;
			containerPortal = 97A0A3811D649C3D0074107D /* AVOS.xcodeproj */;
			proxyType = 2;
			remoteGlobalIDString = 8C8419861A5A791300C5C6C4;
			remoteInfo = "AVOSCloud-iOS";
		};
		97A0A3911D649C3D0074107D /* PBXContainerItemProxy */ = {
			isa = PBXContainerItemProxy;
			containerPortal = 97A0A3811D649C3D0074107D /* AVOS.xcodeproj */;
			proxyType = 2;
			remoteGlobalIDString = 8C8419911A5A791300C5C6C4;
			remoteInfo = "AVOSCloud-iOSTests";
		};
		97A0A3931D649C3D0074107D /* PBXContainerItemProxy */ = {
			isa = PBXContainerItemProxy;
			containerPortal = 97A0A3811D649C3D0074107D /* AVOS.xcodeproj */;
			proxyType = 2;
			remoteGlobalIDString = 70CA7F681BDE2DC3000A3B21;
			remoteInfo = "AVOSCloud-macOS";
		};
		97A0A3951D649C3D0074107D /* PBXContainerItemProxy */ = {
			isa = PBXContainerItemProxy;
			containerPortal = 97A0A3811D649C3D0074107D /* AVOS.xcodeproj */;
			proxyType = 2;
			remoteGlobalIDString = 70F315321BDE503B00D691B3;
			remoteInfo = "AVOSCloud-macOSTests";
		};
		97A0A3971D649C3D0074107D /* PBXContainerItemProxy */ = {
			isa = PBXContainerItemProxy;
			containerPortal = 97A0A3811D649C3D0074107D /* AVOS.xcodeproj */;
			proxyType = 2;
			remoteGlobalIDString = 83D8CF551C17DAF50094279D;
			remoteInfo = "AVOSCloud-tvOS";
		};
		97A0A3991D649C3D0074107D /* PBXContainerItemProxy */ = {
			isa = PBXContainerItemProxy;
			containerPortal = 97A0A3811D649C3D0074107D /* AVOS.xcodeproj */;
			proxyType = 2;
			remoteGlobalIDString = 8320F95C1C1918C60024B45E;
			remoteInfo = "AVOSCloud-watchOS";
		};
		97A0A39B1D649C3D0074107D /* PBXContainerItemProxy */ = {
			isa = PBXContainerItemProxy;
			containerPortal = 97A0A3811D649C3D0074107D /* AVOS.xcodeproj */;
			proxyType = 2;
			remoteGlobalIDString = 8C8419C31A5A796000C5C6C4;
			remoteInfo = "AVOSCloudIM-iOS";
		};
		97A0A39D1D649C3D0074107D /* PBXContainerItemProxy */ = {
			isa = PBXContainerItemProxy;
			containerPortal = 97A0A3811D649C3D0074107D /* AVOS.xcodeproj */;
			proxyType = 2;
			remoteGlobalIDString = 8C8419CD1A5A796000C5C6C4;
			remoteInfo = "AVOSCloudIM-iOSTests";
		};
		97A0A39F1D649C3D0074107D /* PBXContainerItemProxy */ = {
			isa = PBXContainerItemProxy;
			containerPortal = 97A0A3811D649C3D0074107D /* AVOS.xcodeproj */;
			proxyType = 2;
			remoteGlobalIDString = 704F3B6E1BE0D0180033245C;
			remoteInfo = "AVOSCloudIM-macOS";
		};
		97A0A3A11D649C3D0074107D /* PBXContainerItemProxy */ = {
			isa = PBXContainerItemProxy;
			containerPortal = 97A0A3811D649C3D0074107D /* AVOS.xcodeproj */;
			proxyType = 2;
			remoteGlobalIDString = 704F3B771BE0D0180033245C;
			remoteInfo = "AVOSCloudIM-macOSTests";
		};
		97A0A3A31D649C3D0074107D /* PBXContainerItemProxy */ = {
			isa = PBXContainerItemProxy;
			containerPortal = 97A0A3811D649C3D0074107D /* AVOS.xcodeproj */;
			proxyType = 2;
			remoteGlobalIDString = 8C255D261AE9F815008A6FFC;
			remoteInfo = "AVOSCloudCrashReporting-iOS";
		};
/* End PBXContainerItemProxy section */

/* Begin PBXFileReference section */
		8C08E2F21D6160320011F10C /* TagInfo.swift */ = {isa = PBXFileReference; fileEncoding = 4; lastKnownFileType = sourcecode.swift; path = TagInfo.swift; sourceTree = "<group>"; };
		8C08E2F41D61610C0011F10C /* TagFrameInfo.swift */ = {isa = PBXFileReference; fileEncoding = 4; lastKnownFileType = sourcecode.swift; path = TagFrameInfo.swift; sourceTree = "<group>"; };
		8C08E2F61D616C290011F10C /* TagView.swift */ = {isa = PBXFileReference; fileEncoding = 4; lastKnownFileType = sourcecode.swift; path = TagView.swift; sourceTree = "<group>"; };
		8C08E2F81D619B460011F10C /* ImageExtention.swift */ = {isa = PBXFileReference; fileEncoding = 4; lastKnownFileType = sourcecode.swift; path = ImageExtention.swift; sourceTree = "<group>"; };
		8C08E2FC1D62B8DC0011F10C /* AddTagController.swift */ = {isa = PBXFileReference; fileEncoding = 4; lastKnownFileType = sourcecode.swift; path = AddTagController.swift; sourceTree = "<group>"; };
		8C08E2FE1D62F3280011F10C /* TagImageView.swift */ = {isa = PBXFileReference; fileEncoding = 4; lastKnownFileType = sourcecode.swift; path = TagImageView.swift; sourceTree = "<group>"; };
		8C63CE731D63FAEC00F0C774 /* EditItemTextController.swift */ = {isa = PBXFileReference; fileEncoding = 4; lastKnownFileType = sourcecode.swift; path = EditItemTextController.swift; sourceTree = "<group>"; };
		8C63CE751D63FE2A00F0C774 /* PushItemInfo.swift */ = {isa = PBXFileReference; fileEncoding = 4; lastKnownFileType = sourcecode.swift; path = PushItemInfo.swift; sourceTree = "<group>"; };
		8C63CE771D64001C00F0C774 /* Login.storyboard */ = {isa = PBXFileReference; fileEncoding = 4; lastKnownFileType = file.storyboard; path = Login.storyboard; sourceTree = "<group>"; };
		8C63CE821D64066F00F0C774 /* HomeViewController.swift */ = {isa = PBXFileReference; fileEncoding = 4; lastKnownFileType = sourcecode.swift; path = HomeViewController.swift; sourceTree = "<group>"; };
		8C63CE841D6406D300F0C774 /* LoginViewController.swift */ = {isa = PBXFileReference; fileEncoding = 4; lastKnownFileType = sourcecode.swift; path = LoginViewController.swift; sourceTree = "<group>"; };
		8C63CE861D64081B00F0C774 /* RegisterController.swift */ = {isa = PBXFileReference; fileEncoding = 4; lastKnownFileType = sourcecode.swift; path = RegisterController.swift; sourceTree = "<group>"; };
		8C63CECB1D6461EB00F0C774 /* UserViewController.swift */ = {isa = PBXFileReference; fileEncoding = 4; lastKnownFileType = sourcecode.swift; path = UserViewController.swift; sourceTree = "<group>"; };
		8C63CECF1D654F5300F0C774 /* ItemCell.swift */ = {isa = PBXFileReference; fileEncoding = 4; lastKnownFileType = sourcecode.swift; path = ItemCell.swift; sourceTree = "<group>"; };
		8C63CED01D654F5300F0C774 /* ItemCell.xib */ = {isa = PBXFileReference; fileEncoding = 4; lastKnownFileType = file.xib; path = ItemCell.xib; sourceTree = "<group>"; };
		8C63CED31D65B50B00F0C774 /* TimeLineView.swift */ = {isa = PBXFileReference; fileEncoding = 4; lastKnownFileType = sourcecode.swift; path = TimeLineView.swift; sourceTree = "<group>"; };
		8C63CEEA1D6FE02F00F0C774 /* UITableView+FDIndexPathHeightCache.h */ = {isa = PBXFileReference; fileEncoding = 4; lastKnownFileType = sourcecode.c.h; path = "UITableView+FDIndexPathHeightCache.h"; sourceTree = "<group>"; };
		8C63CEEB1D6FE02F00F0C774 /* UITableView+FDIndexPathHeightCache.m */ = {isa = PBXFileReference; fileEncoding = 4; lastKnownFileType = sourcecode.c.objc; path = "UITableView+FDIndexPathHeightCache.m"; sourceTree = "<group>"; };
		8C63CEEC1D6FE02F00F0C774 /* UITableView+FDKeyedHeightCache.h */ = {isa = PBXFileReference; fileEncoding = 4; lastKnownFileType = sourcecode.c.h; path = "UITableView+FDKeyedHeightCache.h"; sourceTree = "<group>"; };
		8C63CEED1D6FE02F00F0C774 /* UITableView+FDKeyedHeightCache.m */ = {isa = PBXFileReference; fileEncoding = 4; lastKnownFileType = sourcecode.c.objc; path = "UITableView+FDKeyedHeightCache.m"; sourceTree = "<group>"; };
		8C63CEEE1D6FE02F00F0C774 /* UITableView+FDTemplateLayoutCell.h */ = {isa = PBXFileReference; fileEncoding = 4; lastKnownFileType = sourcecode.c.h; path = "UITableView+FDTemplateLayoutCell.h"; sourceTree = "<group>"; };
		8C63CEEF1D6FE02F00F0C774 /* UITableView+FDTemplateLayoutCell.m */ = {isa = PBXFileReference; fileEncoding = 4; lastKnownFileType = sourcecode.c.objc; path = "UITableView+FDTemplateLayoutCell.m"; sourceTree = "<group>"; };
		8C63CEF01D6FE02F00F0C774 /* UITableView+FDTemplateLayoutCellDebug.h */ = {isa = PBXFileReference; fileEncoding = 4; lastKnownFileType = sourcecode.c.h; path = "UITableView+FDTemplateLayoutCellDebug.h"; sourceTree = "<group>"; };
		8C63CEF11D6FE02F00F0C774 /* UITableView+FDTemplateLayoutCellDebug.m */ = {isa = PBXFileReference; fileEncoding = 4; lastKnownFileType = sourcecode.c.objc; path = "UITableView+FDTemplateLayoutCellDebug.m"; sourceTree = "<group>"; };
		8C63CEF91D7011F200F0C774 /* MyCell.swift */ = {isa = PBXFileReference; fileEncoding = 4; lastKnownFileType = sourcecode.swift; path = MyCell.swift; sourceTree = "<group>"; };
		8C63CEFA1D7011F200F0C774 /* MyCell.xib */ = {isa = PBXFileReference; fileEncoding = 4; lastKnownFileType = file.xib; path = MyCell.xib; sourceTree = "<group>"; };
		8C63CEFE1D70266E00F0C774 /* ItemContent.swift */ = {isa = PBXFileReference; fileEncoding = 4; lastKnownFileType = sourcecode.swift; path = ItemContent.swift; sourceTree = "<group>"; };
		8C63CF001D7140E500F0C774 /* AspectFitImageView.swift */ = {isa = PBXFileReference; fileEncoding = 4; lastKnownFileType = sourcecode.swift; path = AspectFitImageView.swift; sourceTree = "<group>"; };
		8C7D3DFB1D5349CA00D21B5A /* Siwu.app */ = {isa = PBXFileReference; explicitFileType = wrapper.application; includeInIndex = 0; path = Siwu.app; sourceTree = BUILT_PRODUCTS_DIR; };
		8C7D3DFE1D5349CA00D21B5A /* AppDelegate.swift */ = {isa = PBXFileReference; lastKnownFileType = sourcecode.swift; path = AppDelegate.swift; sourceTree = "<group>"; };
		8C7D3E001D5349CA00D21B5A /* ViewController.swift */ = {isa = PBXFileReference; lastKnownFileType = sourcecode.swift; path = ViewController.swift; sourceTree = "<group>"; };
		8C7D3E031D5349CA00D21B5A /* Base */ = {isa = PBXFileReference; lastKnownFileType = file.storyboard; name = Base; path = Base.lproj/Main.storyboard; sourceTree = "<group>"; };
		8C7D3E051D5349CA00D21B5A /* Assets.xcassets */ = {isa = PBXFileReference; lastKnownFileType = folder.assetcatalog; path = Assets.xcassets; sourceTree = "<group>"; };
		8C7D3E081D5349CA00D21B5A /* Base */ = {isa = PBXFileReference; lastKnownFileType = file.storyboard; name = Base; path = Base.lproj/LaunchScreen.storyboard; sourceTree = "<group>"; };
		8C7D3E0A1D5349CA00D21B5A /* Info.plist */ = {isa = PBXFileReference; lastKnownFileType = text.plist.xml; path = Info.plist; sourceTree = "<group>"; };
		8C7D3E0F1D5349CA00D21B5A /* SiwuTests.xctest */ = {isa = PBXFileReference; explicitFileType = wrapper.cfbundle; includeInIndex = 0; path = SiwuTests.xctest; sourceTree = BUILT_PRODUCTS_DIR; };
		8C7D3E131D5349CA00D21B5A /* SiwuTests.swift */ = {isa = PBXFileReference; lastKnownFileType = sourcecode.swift; path = SiwuTests.swift; sourceTree = "<group>"; };
		8C7D3E151D5349CA00D21B5A /* Info.plist */ = {isa = PBXFileReference; lastKnownFileType = text.plist.xml; path = Info.plist; sourceTree = "<group>"; };
		8C7D3E1A1D5349CA00D21B5A /* SiwuUITests.xctest */ = {isa = PBXFileReference; explicitFileType = wrapper.cfbundle; includeInIndex = 0; path = SiwuUITests.xctest; sourceTree = BUILT_PRODUCTS_DIR; };
		8C7D3E1E1D5349CA00D21B5A /* SiwuUITests.swift */ = {isa = PBXFileReference; lastKnownFileType = sourcecode.swift; path = SiwuUITests.swift; sourceTree = "<group>"; };
		8C7D3E201D5349CA00D21B5A /* Info.plist */ = {isa = PBXFileReference; lastKnownFileType = text.plist.xml; path = Info.plist; sourceTree = "<group>"; };
		8C7D3E341D53606700D21B5A /* PushViewController.swift */ = {isa = PBXFileReference; fileEncoding = 4; lastKnownFileType = sourcecode.swift; path = PushViewController.swift; sourceTree = "<group>"; };
		8C7D3E361D5360A100D21B5A /* CreateItemViewController.swift */ = {isa = PBXFileReference; fileEncoding = 4; lastKnownFileType = sourcecode.swift; path = CreateItemViewController.swift; sourceTree = "<group>"; };
		8C7D3E491D543C7200D21B5A /* PhotoPickerViewController.swift */ = {isa = PBXFileReference; fileEncoding = 4; lastKnownFileType = sourcecode.swift; path = PhotoPickerViewController.swift; sourceTree = "<group>"; };
		8C7D3E4D1D543DFD00D21B5A /* VPImageCropperViewController.h */ = {isa = PBXFileReference; fileEncoding = 4; lastKnownFileType = sourcecode.c.h; path = VPImageCropperViewController.h; sourceTree = "<group>"; };
		8C7D3E4E1D543DFD00D21B5A /* VPImageCropperViewController.m */ = {isa = PBXFileReference; fileEncoding = 4; lastKnownFileType = sourcecode.c.objc; path = VPImageCropperViewController.m; sourceTree = "<group>"; };
		8C7D3E501D543E3C00D21B5A /* Siwu-bridging-header.h */ = {isa = PBXFileReference; lastKnownFileType = sourcecode.c.h; path = "Siwu-bridging-header.h"; sourceTree = "<group>"; };
		8C7D3E511D543EB700D21B5A /* Config.swift */ = {isa = PBXFileReference; fileEncoding = 4; lastKnownFileType = sourcecode.swift; path = Config.swift; sourceTree = "<group>"; };
		8C7D3E551D5469A300D21B5A /* JVFloatLabeledTextField.h */ = {isa = PBXFileReference; fileEncoding = 4; lastKnownFileType = sourcecode.c.h; path = JVFloatLabeledTextField.h; sourceTree = "<group>"; };
		8C7D3E561D5469A300D21B5A /* JVFloatLabeledTextField.m */ = {isa = PBXFileReference; fileEncoding = 4; lastKnownFileType = sourcecode.c.objc; path = JVFloatLabeledTextField.m; sourceTree = "<group>"; };
		8C7D3E571D5469A300D21B5A /* JVFloatLabeledTextView.h */ = {isa = PBXFileReference; fileEncoding = 4; lastKnownFileType = sourcecode.c.h; path = JVFloatLabeledTextView.h; sourceTree = "<group>"; };
		8C7D3E581D5469A300D21B5A /* JVFloatLabeledTextView.m */ = {isa = PBXFileReference; fileEncoding = 4; lastKnownFileType = sourcecode.c.objc; path = JVFloatLabeledTextView.m; sourceTree = "<group>"; };
		8C7D3E591D5469A300D21B5A /* NSString+TextDirectionality.h */ = {isa = PBXFileReference; fileEncoding = 4; lastKnownFileType = sourcecode.c.h; path = "NSString+TextDirectionality.h"; sourceTree = "<group>"; };
		8C7D3E5A1D5469A300D21B5A /* NSString+TextDirectionality.m */ = {isa = PBXFileReference; fileEncoding = 4; lastKnownFileType = sourcecode.c.objc; path = "NSString+TextDirectionality.m"; sourceTree = "<group>"; };
		8CAF94121D59BA8300EFDEB2 /* libz.tbd */ = {isa = PBXFileReference; lastKnownFileType = "sourcecode.text-based-dylib-definition"; name = libz.tbd; path = usr/lib/libz.tbd; sourceTree = SDKROOT; };
		8CAF94141D59BB0000EFDEB2 /* libc++.tbd */ = {isa = PBXFileReference; lastKnownFileType = "sourcecode.text-based-dylib-definition"; name = "libc++.tbd"; path = "usr/lib/libc++.tbd"; sourceTree = SDKROOT; };
		8CAF94161D59BB0E00EFDEB2 /* libicucore.tbd */ = {isa = PBXFileReference; lastKnownFileType = "sourcecode.text-based-dylib-definition"; name = libicucore.tbd; path = usr/lib/libicucore.tbd; sourceTree = SDKROOT; };
		8CAF94181D59BB1900EFDEB2 /* libsqlite3.tbd */ = {isa = PBXFileReference; lastKnownFileType = "sourcecode.text-based-dylib-definition"; name = libsqlite3.tbd; path = usr/lib/libsqlite3.tbd; sourceTree = SDKROOT; };
		8CAF941A1D59BB2600EFDEB2 /* SystemConfiguration.framework */ = {isa = PBXFileReference; lastKnownFileType = wrapper.framework; name = SystemConfiguration.framework; path = System/Library/Frameworks/SystemConfiguration.framework; sourceTree = SDKROOT; };
		8CAF941C1D59BB3800EFDEB2 /* MobileCoreServices.framework */ = {isa = PBXFileReference; lastKnownFileType = wrapper.framework; name = MobileCoreServices.framework; path = System/Library/Frameworks/MobileCoreServices.framework; sourceTree = SDKROOT; };
		8CAF941E1D59BB4500EFDEB2 /* CoreTelephony.framework */ = {isa = PBXFileReference; lastKnownFileType = wrapper.framework; name = CoreTelephony.framework; path = System/Library/Frameworks/CoreTelephony.framework; sourceTree = SDKROOT; };
		8CAF94201D59BB5000EFDEB2 /* CoreLocation.framework */ = {isa = PBXFileReference; lastKnownFileType = wrapper.framework; name = CoreLocation.framework; path = System/Library/Frameworks/CoreLocation.framework; sourceTree = SDKROOT; };
		97A0A3811D649C3D0074107D /* AVOS.xcodeproj */ = {isa = PBXFileReference; lastKnownFileType = "wrapper.pb-project"; name = AVOS.xcodeproj; path = "../../library/objc-sdk-master/AVOS/AVOS.xcodeproj"; sourceTree = "<group>"; };
		97FFBF2A1D6015DB0074839E /* ProgressHUD.bundle */ = {isa = PBXFileReference; lastKnownFileType = "wrapper.plug-in"; path = ProgressHUD.bundle; sourceTree = "<group>"; };
		97FFBF2B1D6015DB0074839E /* ProgressHUD.h */ = {isa = PBXFileReference; fileEncoding = 4; lastKnownFileType = sourcecode.c.h; path = ProgressHUD.h; sourceTree = "<group>"; };
		97FFBF2C1D6015DB0074839E /* ProgressHUD.m */ = {isa = PBXFileReference; fileEncoding = 4; lastKnownFileType = sourcecode.c.objc; path = ProgressHUD.m; sourceTree = "<group>"; };
		97FFBF301D6015ED0074839E /* MKAnnotationView+WebCache.h */ = {isa = PBXFileReference; fileEncoding = 4; lastKnownFileType = sourcecode.c.h; path = "MKAnnotationView+WebCache.h"; sourceTree = "<group>"; };
		97FFBF311D6015ED0074839E /* MKAnnotationView+WebCache.m */ = {isa = PBXFileReference; fileEncoding = 4; lastKnownFileType = sourcecode.c.objc; path = "MKAnnotationView+WebCache.m"; sourceTree = "<group>"; };
		97FFBF321D6015ED0074839E /* NSData+ImageContentType.h */ = {isa = PBXFileReference; fileEncoding = 4; lastKnownFileType = sourcecode.c.h; path = "NSData+ImageContentType.h"; sourceTree = "<group>"; };
		97FFBF331D6015ED0074839E /* NSData+ImageContentType.m */ = {isa = PBXFileReference; fileEncoding = 4; lastKnownFileType = sourcecode.c.objc; path = "NSData+ImageContentType.m"; sourceTree = "<group>"; };
		97FFBF341D6015ED0074839E /* SDImageCache.h */ = {isa = PBXFileReference; fileEncoding = 4; lastKnownFileType = sourcecode.c.h; path = SDImageCache.h; sourceTree = "<group>"; };
		97FFBF351D6015ED0074839E /* SDImageCache.m */ = {isa = PBXFileReference; fileEncoding = 4; lastKnownFileType = sourcecode.c.objc; path = SDImageCache.m; sourceTree = "<group>"; };
		97FFBF361D6015ED0074839E /* SDWebImageCompat.h */ = {isa = PBXFileReference; fileEncoding = 4; lastKnownFileType = sourcecode.c.h; path = SDWebImageCompat.h; sourceTree = "<group>"; };
		97FFBF371D6015ED0074839E /* SDWebImageCompat.m */ = {isa = PBXFileReference; fileEncoding = 4; lastKnownFileType = sourcecode.c.objc; path = SDWebImageCompat.m; sourceTree = "<group>"; };
		97FFBF381D6015ED0074839E /* SDWebImageDecoder.h */ = {isa = PBXFileReference; fileEncoding = 4; lastKnownFileType = sourcecode.c.h; path = SDWebImageDecoder.h; sourceTree = "<group>"; };
		97FFBF391D6015ED0074839E /* SDWebImageDecoder.m */ = {isa = PBXFileReference; fileEncoding = 4; lastKnownFileType = sourcecode.c.objc; path = SDWebImageDecoder.m; sourceTree = "<group>"; };
		97FFBF3A1D6015ED0074839E /* SDWebImageDownloader.h */ = {isa = PBXFileReference; fileEncoding = 4; lastKnownFileType = sourcecode.c.h; path = SDWebImageDownloader.h; sourceTree = "<group>"; };
		97FFBF3B1D6015ED0074839E /* SDWebImageDownloader.m */ = {isa = PBXFileReference; fileEncoding = 4; lastKnownFileType = sourcecode.c.objc; path = SDWebImageDownloader.m; sourceTree = "<group>"; };
		97FFBF3C1D6015ED0074839E /* SDWebImageDownloaderOperation.h */ = {isa = PBXFileReference; fileEncoding = 4; lastKnownFileType = sourcecode.c.h; path = SDWebImageDownloaderOperation.h; sourceTree = "<group>"; };
		97FFBF3D1D6015ED0074839E /* SDWebImageDownloaderOperation.m */ = {isa = PBXFileReference; fileEncoding = 4; lastKnownFileType = sourcecode.c.objc; path = SDWebImageDownloaderOperation.m; sourceTree = "<group>"; };
		97FFBF3E1D6015ED0074839E /* SDWebImageManager.h */ = {isa = PBXFileReference; fileEncoding = 4; lastKnownFileType = sourcecode.c.h; path = SDWebImageManager.h; sourceTree = "<group>"; };
		97FFBF3F1D6015ED0074839E /* SDWebImageManager.m */ = {isa = PBXFileReference; fileEncoding = 4; lastKnownFileType = sourcecode.c.objc; path = SDWebImageManager.m; sourceTree = "<group>"; };
		97FFBF401D6015ED0074839E /* SDWebImageOperation.h */ = {isa = PBXFileReference; fileEncoding = 4; lastKnownFileType = sourcecode.c.h; path = SDWebImageOperation.h; sourceTree = "<group>"; };
		97FFBF411D6015ED0074839E /* SDWebImagePrefetcher.h */ = {isa = PBXFileReference; fileEncoding = 4; lastKnownFileType = sourcecode.c.h; path = SDWebImagePrefetcher.h; sourceTree = "<group>"; };
		97FFBF421D6015ED0074839E /* SDWebImagePrefetcher.m */ = {isa = PBXFileReference; fileEncoding = 4; lastKnownFileType = sourcecode.c.objc; path = SDWebImagePrefetcher.m; sourceTree = "<group>"; };
		97FFBF431D6015ED0074839E /* UIButton+WebCache.h */ = {isa = PBXFileReference; fileEncoding = 4; lastKnownFileType = sourcecode.c.h; path = "UIButton+WebCache.h"; sourceTree = "<group>"; };
		97FFBF441D6015ED0074839E /* UIButton+WebCache.m */ = {isa = PBXFileReference; fileEncoding = 4; lastKnownFileType = sourcecode.c.objc; path = "UIButton+WebCache.m"; sourceTree = "<group>"; };
		97FFBF451D6015ED0074839E /* UIImage+GIF.h */ = {isa = PBXFileReference; fileEncoding = 4; lastKnownFileType = sourcecode.c.h; path = "UIImage+GIF.h"; sourceTree = "<group>"; };
		97FFBF461D6015ED0074839E /* UIImage+GIF.m */ = {isa = PBXFileReference; fileEncoding = 4; lastKnownFileType = sourcecode.c.objc; path = "UIImage+GIF.m"; sourceTree = "<group>"; };
		97FFBF471D6015ED0074839E /* UIImage+MultiFormat.h */ = {isa = PBXFileReference; fileEncoding = 4; lastKnownFileType = sourcecode.c.h; path = "UIImage+MultiFormat.h"; sourceTree = "<group>"; };
		97FFBF481D6015ED0074839E /* UIImage+MultiFormat.m */ = {isa = PBXFileReference; fileEncoding = 4; lastKnownFileType = sourcecode.c.objc; path = "UIImage+MultiFormat.m"; sourceTree = "<group>"; };
		97FFBF491D6015ED0074839E /* UIImage+WebP.h */ = {isa = PBXFileReference; fileEncoding = 4; lastKnownFileType = sourcecode.c.h; path = "UIImage+WebP.h"; sourceTree = "<group>"; };
		97FFBF4A1D6015ED0074839E /* UIImage+WebP.m */ = {isa = PBXFileReference; fileEncoding = 4; lastKnownFileType = sourcecode.c.objc; path = "UIImage+WebP.m"; sourceTree = "<group>"; };
		97FFBF4B1D6015ED0074839E /* UIImageView+HighlightedWebCache.h */ = {isa = PBXFileReference; fileEncoding = 4; lastKnownFileType = sourcecode.c.h; path = "UIImageView+HighlightedWebCache.h"; sourceTree = "<group>"; };
		97FFBF4C1D6015ED0074839E /* UIImageView+HighlightedWebCache.m */ = {isa = PBXFileReference; fileEncoding = 4; lastKnownFileType = sourcecode.c.objc; path = "UIImageView+HighlightedWebCache.m"; sourceTree = "<group>"; };
		97FFBF4D1D6015ED0074839E /* UIImageView+WebCache.h */ = {isa = PBXFileReference; fileEncoding = 4; lastKnownFileType = sourcecode.c.h; path = "UIImageView+WebCache.h"; sourceTree = "<group>"; };
		97FFBF4E1D6015ED0074839E /* UIImageView+WebCache.m */ = {isa = PBXFileReference; fileEncoding = 4; lastKnownFileType = sourcecode.c.objc; path = "UIImageView+WebCache.m"; sourceTree = "<group>"; };
		97FFBF4F1D6015ED0074839E /* UIView+WebCacheOperation.h */ = {isa = PBXFileReference; fileEncoding = 4; lastKnownFileType = sourcecode.c.h; path = "UIView+WebCacheOperation.h"; sourceTree = "<group>"; };
		97FFBF501D6015ED0074839E /* UIView+WebCacheOperation.m */ = {isa = PBXFileReference; fileEncoding = 4; lastKnownFileType = sourcecode.c.objc; path = "UIView+WebCacheOperation.m"; sourceTree = "<group>"; };
		97FFBF631D6016040074839E /* MJRefreshAutoFooter.h */ = {isa = PBXFileReference; fileEncoding = 4; lastKnownFileType = sourcecode.c.h; path = MJRefreshAutoFooter.h; sourceTree = "<group>"; };
		97FFBF641D6016040074839E /* MJRefreshAutoFooter.m */ = {isa = PBXFileReference; fileEncoding = 4; lastKnownFileType = sourcecode.c.objc; path = MJRefreshAutoFooter.m; sourceTree = "<group>"; };
		97FFBF651D6016040074839E /* MJRefreshBackFooter.h */ = {isa = PBXFileReference; fileEncoding = 4; lastKnownFileType = sourcecode.c.h; path = MJRefreshBackFooter.h; sourceTree = "<group>"; };
		97FFBF661D6016040074839E /* MJRefreshBackFooter.m */ = {isa = PBXFileReference; fileEncoding = 4; lastKnownFileType = sourcecode.c.objc; path = MJRefreshBackFooter.m; sourceTree = "<group>"; };
		97FFBF671D6016040074839E /* MJRefreshComponent.h */ = {isa = PBXFileReference; fileEncoding = 4; lastKnownFileType = sourcecode.c.h; path = MJRefreshComponent.h; sourceTree = "<group>"; };
		97FFBF681D6016040074839E /* MJRefreshComponent.m */ = {isa = PBXFileReference; fileEncoding = 4; lastKnownFileType = sourcecode.c.objc; path = MJRefreshComponent.m; sourceTree = "<group>"; };
		97FFBF691D6016040074839E /* MJRefreshFooter.h */ = {isa = PBXFileReference; fileEncoding = 4; lastKnownFileType = sourcecode.c.h; path = MJRefreshFooter.h; sourceTree = "<group>"; };
		97FFBF6A1D6016040074839E /* MJRefreshFooter.m */ = {isa = PBXFileReference; fileEncoding = 4; lastKnownFileType = sourcecode.c.objc; path = MJRefreshFooter.m; sourceTree = "<group>"; };
		97FFBF6B1D6016040074839E /* MJRefreshHeader.h */ = {isa = PBXFileReference; fileEncoding = 4; lastKnownFileType = sourcecode.c.h; path = MJRefreshHeader.h; sourceTree = "<group>"; };
		97FFBF6C1D6016040074839E /* MJRefreshHeader.m */ = {isa = PBXFileReference; fileEncoding = 4; lastKnownFileType = sourcecode.c.objc; path = MJRefreshHeader.m; sourceTree = "<group>"; };
		97FFBF701D6016040074839E /* MJRefreshAutoGifFooter.h */ = {isa = PBXFileReference; fileEncoding = 4; lastKnownFileType = sourcecode.c.h; path = MJRefreshAutoGifFooter.h; sourceTree = "<group>"; };
		97FFBF711D6016040074839E /* MJRefreshAutoGifFooter.m */ = {isa = PBXFileReference; fileEncoding = 4; lastKnownFileType = sourcecode.c.objc; path = MJRefreshAutoGifFooter.m; sourceTree = "<group>"; };
		97FFBF721D6016040074839E /* MJRefreshAutoNormalFooter.h */ = {isa = PBXFileReference; fileEncoding = 4; lastKnownFileType = sourcecode.c.h; path = MJRefreshAutoNormalFooter.h; sourceTree = "<group>"; };
		97FFBF731D6016040074839E /* MJRefreshAutoNormalFooter.m */ = {isa = PBXFileReference; fileEncoding = 4; lastKnownFileType = sourcecode.c.objc; path = MJRefreshAutoNormalFooter.m; sourceTree = "<group>"; };
		97FFBF741D6016040074839E /* MJRefreshAutoStateFooter.h */ = {isa = PBXFileReference; fileEncoding = 4; lastKnownFileType = sourcecode.c.h; path = MJRefreshAutoStateFooter.h; sourceTree = "<group>"; };
		97FFBF751D6016040074839E /* MJRefreshAutoStateFooter.m */ = {isa = PBXFileReference; fileEncoding = 4; lastKnownFileType = sourcecode.c.objc; path = MJRefreshAutoStateFooter.m; sourceTree = "<group>"; };
		97FFBF771D6016040074839E /* MJRefreshBackGifFooter.h */ = {isa = PBXFileReference; fileEncoding = 4; lastKnownFileType = sourcecode.c.h; path = MJRefreshBackGifFooter.h; sourceTree = "<group>"; };
		97FFBF781D6016040074839E /* MJRefreshBackGifFooter.m */ = {isa = PBXFileReference; fileEncoding = 4; lastKnownFileType = sourcecode.c.objc; path = MJRefreshBackGifFooter.m; sourceTree = "<group>"; };
		97FFBF791D6016040074839E /* MJRefreshBackNormalFooter.h */ = {isa = PBXFileReference; fileEncoding = 4; lastKnownFileType = sourcecode.c.h; path = MJRefreshBackNormalFooter.h; sourceTree = "<group>"; };
		97FFBF7A1D6016040074839E /* MJRefreshBackNormalFooter.m */ = {isa = PBXFileReference; fileEncoding = 4; lastKnownFileType = sourcecode.c.objc; path = MJRefreshBackNormalFooter.m; sourceTree = "<group>"; };
		97FFBF7B1D6016040074839E /* MJRefreshBackStateFooter.h */ = {isa = PBXFileReference; fileEncoding = 4; lastKnownFileType = sourcecode.c.h; path = MJRefreshBackStateFooter.h; sourceTree = "<group>"; };
		97FFBF7C1D6016040074839E /* MJRefreshBackStateFooter.m */ = {isa = PBXFileReference; fileEncoding = 4; lastKnownFileType = sourcecode.c.objc; path = MJRefreshBackStateFooter.m; sourceTree = "<group>"; };
		97FFBF7E1D6016040074839E /* MJRefreshGifHeader.h */ = {isa = PBXFileReference; fileEncoding = 4; lastKnownFileType = sourcecode.c.h; path = MJRefreshGifHeader.h; sourceTree = "<group>"; };
		97FFBF7F1D6016040074839E /* MJRefreshGifHeader.m */ = {isa = PBXFileReference; fileEncoding = 4; lastKnownFileType = sourcecode.c.objc; path = MJRefreshGifHeader.m; sourceTree = "<group>"; };
		97FFBF801D6016040074839E /* MJRefreshNormalHeader.h */ = {isa = PBXFileReference; fileEncoding = 4; lastKnownFileType = sourcecode.c.h; path = MJRefreshNormalHeader.h; sourceTree = "<group>"; };
		97FFBF811D6016040074839E /* MJRefreshNormalHeader.m */ = {isa = PBXFileReference; fileEncoding = 4; lastKnownFileType = sourcecode.c.objc; path = MJRefreshNormalHeader.m; sourceTree = "<group>"; };
		97FFBF821D6016040074839E /* MJRefreshStateHeader.h */ = {isa = PBXFileReference; fileEncoding = 4; lastKnownFileType = sourcecode.c.h; path = MJRefreshStateHeader.h; sourceTree = "<group>"; };
		97FFBF831D6016040074839E /* MJRefreshStateHeader.m */ = {isa = PBXFileReference; fileEncoding = 4; lastKnownFileType = sourcecode.c.objc; path = MJRefreshStateHeader.m; sourceTree = "<group>"; };
		97FFBF841D6016040074839E /* MJRefresh.bundle */ = {isa = PBXFileReference; lastKnownFileType = "wrapper.plug-in"; path = MJRefresh.bundle; sourceTree = "<group>"; };
		97FFBF851D6016040074839E /* MJRefresh.h */ = {isa = PBXFileReference; fileEncoding = 4; lastKnownFileType = sourcecode.c.h; path = MJRefresh.h; sourceTree = "<group>"; };
		97FFBF861D6016040074839E /* MJRefreshConst.h */ = {isa = PBXFileReference; fileEncoding = 4; lastKnownFileType = sourcecode.c.h; path = MJRefreshConst.h; sourceTree = "<group>"; };
		97FFBF871D6016040074839E /* MJRefreshConst.m */ = {isa = PBXFileReference; fileEncoding = 4; lastKnownFileType = sourcecode.c.objc; path = MJRefreshConst.m; sourceTree = "<group>"; };
		97FFBF881D6016040074839E /* NSBundle+MJRefresh.h */ = {isa = PBXFileReference; fileEncoding = 4; lastKnownFileType = sourcecode.c.h; path = "NSBundle+MJRefresh.h"; sourceTree = "<group>"; };
		97FFBF891D6016040074839E /* NSBundle+MJRefresh.m */ = {isa = PBXFileReference; fileEncoding = 4; lastKnownFileType = sourcecode.c.objc; path = "NSBundle+MJRefresh.m"; sourceTree = "<group>"; };
		97FFBF8A1D6016040074839E /* UIScrollView+MJExtension.h */ = {isa = PBXFileReference; fileEncoding = 4; lastKnownFileType = sourcecode.c.h; path = "UIScrollView+MJExtension.h"; sourceTree = "<group>"; };
		97FFBF8B1D6016040074839E /* UIScrollView+MJExtension.m */ = {isa = PBXFileReference; fileEncoding = 4; lastKnownFileType = sourcecode.c.objc; path = "UIScrollView+MJExtension.m"; sourceTree = "<group>"; };
		97FFBF8C1D6016040074839E /* UIScrollView+MJRefresh.h */ = {isa = PBXFileReference; fileEncoding = 4; lastKnownFileType = sourcecode.c.h; path = "UIScrollView+MJRefresh.h"; sourceTree = "<group>"; };
		97FFBF8D1D6016040074839E /* UIScrollView+MJRefresh.m */ = {isa = PBXFileReference; fileEncoding = 4; lastKnownFileType = sourcecode.c.objc; path = "UIScrollView+MJRefresh.m"; sourceTree = "<group>"; };
		97FFBF8E1D6016040074839E /* UIView+MJExtension.h */ = {isa = PBXFileReference; fileEncoding = 4; lastKnownFileType = sourcecode.c.h; path = "UIView+MJExtension.h"; sourceTree = "<group>"; };
		97FFBF8F1D6016040074839E /* UIView+MJExtension.m */ = {isa = PBXFileReference; fileEncoding = 4; lastKnownFileType = sourcecode.c.objc; path = "UIView+MJExtension.m"; sourceTree = "<group>"; };
		97FFBFA61D601B880074839E /* MainTabBar.swift */ = {isa = PBXFileReference; fileEncoding = 4; lastKnownFileType = sourcecode.swift; path = MainTabBar.swift; sourceTree = "<group>"; };
		97FFBFA81D601EF10074839E /* MainTabBarController.swift */ = {isa = PBXFileReference; fileEncoding = 4; lastKnownFileType = sourcecode.swift; path = MainTabBarController.swift; sourceTree = "<group>"; };
		97FFBFAC1D602EDB0074839E /* EditImageController.swift */ = {isa = PBXFileReference; fileEncoding = 4; lastKnownFileType = sourcecode.swift; path = EditImageController.swift; sourceTree = "<group>"; };
		97FFBFAE1D6030BA0074839E /* MainEditImageController.swift */ = {isa = PBXFileReference; fileEncoding = 4; lastKnownFileType = sourcecode.swift; path = MainEditImageController.swift; sourceTree = "<group>"; };
		97FFBFB01D6031E30074839E /* PushImage.storyboard */ = {isa = PBXFileReference; fileEncoding = 4; lastKnownFileType = file.storyboard; path = PushImage.storyboard; sourceTree = "<group>"; };
/* End PBXFileReference section */

/* Begin PBXFrameworksBuildPhase section */
		8C7D3DF81D5349CA00D21B5A /* Frameworks */ = {
			isa = PBXFrameworksBuildPhase;
			buildActionMask = 2147483647;
			files = (
				97A0A3A51D649C550074107D /* AVOSCloud.framework in Frameworks */,
				97A0A3A61D649C550074107D /* AVOSCloudIM.framework in Frameworks */,
				8CAF94211D59BB5000EFDEB2 /* CoreLocation.framework in Frameworks */,
				8CAF941F1D59BB4500EFDEB2 /* CoreTelephony.framework in Frameworks */,
				8CAF941D1D59BB3800EFDEB2 /* MobileCoreServices.framework in Frameworks */,
				8CAF941B1D59BB2600EFDEB2 /* SystemConfiguration.framework in Frameworks */,
				8CAF94191D59BB1900EFDEB2 /* libsqlite3.tbd in Frameworks */,
				8CAF94171D59BB0E00EFDEB2 /* libicucore.tbd in Frameworks */,
				8CAF94151D59BB0000EFDEB2 /* libc++.tbd in Frameworks */,
				8CAF94131D59BA8300EFDEB2 /* libz.tbd in Frameworks */,
			);
			runOnlyForDeploymentPostprocessing = 0;
		};
		8C7D3E0C1D5349CA00D21B5A /* Frameworks */ = {
			isa = PBXFrameworksBuildPhase;
			buildActionMask = 2147483647;
			files = (
			);
			runOnlyForDeploymentPostprocessing = 0;
		};
		8C7D3E171D5349CA00D21B5A /* Frameworks */ = {
			isa = PBXFrameworksBuildPhase;
			buildActionMask = 2147483647;
			files = (
			);
			runOnlyForDeploymentPostprocessing = 0;
		};
/* End PBXFrameworksBuildPhase section */

/* Begin PBXGroup section */
		8C08E2F11D615FC90011F10C /* Tag */ = {
			isa = PBXGroup;
			children = (
			);
			name = Tag;
			sourceTree = "<group>";
		};
		8C63CE7E1D64056400F0C774 /* Login */ = {
			isa = PBXGroup;
			children = (
				8C63CE811D64064C00F0C774 /* C */,
			);
			name = Login;
			sourceTree = "<group>";
		};
		8C63CE7F1D64062F00F0C774 /* Home */ = {
			isa = PBXGroup;
			children = (
				8C63CEFD1D7024FD00F0C774 /* M */,
				8C63CECE1D654D0900F0C774 /* V */,
				8C63CE801D64063F00F0C774 /* C */,
			);
			name = Home;
			sourceTree = "<group>";
		};
		8C63CE801D64063F00F0C774 /* C */ = {
			isa = PBXGroup;
			children = (
				8C63CE821D64066F00F0C774 /* HomeViewController.swift */,
			);
			name = C;
			sourceTree = "<group>";
		};
		8C63CE811D64064C00F0C774 /* C */ = {
			isa = PBXGroup;
			children = (
				8C63CE841D6406D300F0C774 /* LoginViewController.swift */,
				8C63CE861D64081B00F0C774 /* RegisterController.swift */,
			);
			name = C;
			sourceTree = "<group>";
		};
		8C63CEBE1D6461C600F0C774 /* User */ = {
			isa = PBXGroup;
			children = (
				8C63CECA1D6461D100F0C774 /* C */,
			);
			name = User;
			sourceTree = "<group>";
		};
		8C63CECA1D6461D100F0C774 /* C */ = {
			isa = PBXGroup;
			children = (
				8C63CECB1D6461EB00F0C774 /* UserViewController.swift */,
			);
			name = C;
			sourceTree = "<group>";
		};
		8C63CECE1D654D0900F0C774 /* V */ = {
			isa = PBXGroup;
			children = (
				8C63CECF1D654F5300F0C774 /* ItemCell.swift */,
				8C63CED01D654F5300F0C774 /* ItemCell.xib */,
				8C63CED31D65B50B00F0C774 /* TimeLineView.swift */,
				8C63CEF91D7011F200F0C774 /* MyCell.swift */,
				8C63CEFA1D7011F200F0C774 /* MyCell.xib */,
				8C63CF001D7140E500F0C774 /* AspectFitImageView.swift */,
			);
			name = V;
			sourceTree = "<group>";
		};
		8C63CEE91D6FE02F00F0C774 /* FDTemplateLayoutCell */ = {
			isa = PBXGroup;
			children = (
				8C63CEEA1D6FE02F00F0C774 /* UITableView+FDIndexPathHeightCache.h */,
				8C63CEEB1D6FE02F00F0C774 /* UITableView+FDIndexPathHeightCache.m */,
				8C63CEEC1D6FE02F00F0C774 /* UITableView+FDKeyedHeightCache.h */,
				8C63CEED1D6FE02F00F0C774 /* UITableView+FDKeyedHeightCache.m */,
				8C63CEEE1D6FE02F00F0C774 /* UITableView+FDTemplateLayoutCell.h */,
				8C63CEEF1D6FE02F00F0C774 /* UITableView+FDTemplateLayoutCell.m */,
				8C63CEF01D6FE02F00F0C774 /* UITableView+FDTemplateLayoutCellDebug.h */,
				8C63CEF11D6FE02F00F0C774 /* UITableView+FDTemplateLayoutCellDebug.m */,
			);
			name = FDTemplateLayoutCell;
			path = Classes;
			sourceTree = "<group>";
		};
		8C63CEFD1D7024FD00F0C774 /* M */ = {
			isa = PBXGroup;
			children = (
				8C63CEFE1D70266E00F0C774 /* ItemContent.swift */,
			);
			name = M;
			sourceTree = "<group>";
		};
		8C7D3DF21D5349CA00D21B5A = {
			isa = PBXGroup;
			children = (
				8CAF93EB1D59B9B300EFDEB2 /* Framework */,
				8C7D3E4B1D543DCA00D21B5A /* Library */,
				8C7D3DFD1D5349CA00D21B5A /* Siwu */,
				8C7D3E121D5349CA00D21B5A /* SiwuTests */,
				8C7D3E1D1D5349CA00D21B5A /* SiwuUITests */,
				8C7D3DFC1D5349CA00D21B5A /* Products */,
			);
			sourceTree = "<group>";
		};
		8C7D3DFC1D5349CA00D21B5A /* Products */ = {
			isa = PBXGroup;
			children = (
				8C7D3DFB1D5349CA00D21B5A /* Siwu.app */,
				8C7D3E0F1D5349CA00D21B5A /* SiwuTests.xctest */,
				8C7D3E1A1D5349CA00D21B5A /* SiwuUITests.xctest */,
			);
			name = Products;
			sourceTree = "<group>";
		};
		8C7D3DFD1D5349CA00D21B5A /* Siwu */ = {
			isa = PBXGroup;
			children = (
				8C63CEBE1D6461C600F0C774 /* User */,
				8C63CE7F1D64062F00F0C774 /* Home */,
				8C63CE7E1D64056400F0C774 /* Login */,
				8C08E2F11D615FC90011F10C /* Tag */,
				97FFBFB21D6032250074839E /* UI */,
				8C7D3E2E1D535FD200D21B5A /* Push */,
				8C7D3DFE1D5349CA00D21B5A /* AppDelegate.swift */,
				8C7D3E001D5349CA00D21B5A /* ViewController.swift */,
				8C7D3E051D5349CA00D21B5A /* Assets.xcassets */,
				8C7D3E0A1D5349CA00D21B5A /* Info.plist */,
				8C7D3E501D543E3C00D21B5A /* Siwu-bridging-header.h */,
				8C7D3E511D543EB700D21B5A /* Config.swift */,
				97FFBFA61D601B880074839E /* MainTabBar.swift */,
				97FFBFA81D601EF10074839E /* MainTabBarController.swift */,
			);
			path = Siwu;
			sourceTree = "<group>";
		};
		8C7D3E121D5349CA00D21B5A /* SiwuTests */ = {
			isa = PBXGroup;
			children = (
				8C7D3E131D5349CA00D21B5A /* SiwuTests.swift */,
				8C7D3E151D5349CA00D21B5A /* Info.plist */,
			);
			path = SiwuTests;
			sourceTree = "<group>";
		};
		8C7D3E1D1D5349CA00D21B5A /* SiwuUITests */ = {
			isa = PBXGroup;
			children = (
				8C7D3E1E1D5349CA00D21B5A /* SiwuUITests.swift */,
				8C7D3E201D5349CA00D21B5A /* Info.plist */,
			);
			path = SiwuUITests;
			sourceTree = "<group>";
		};
		8C7D3E2E1D535FD200D21B5A /* Push */ = {
			isa = PBXGroup;
			children = (
				8C7D3E311D53600100D21B5A /* C */,
				8C7D3E301D535FF700D21B5A /* V */,
				8C7D3E2F1D535FEF00D21B5A /* M */,
			);
			name = Push;
			sourceTree = "<group>";
		};
		8C7D3E2F1D535FEF00D21B5A /* M */ = {
			isa = PBXGroup;
			children = (
				8C08E2F21D6160320011F10C /* TagInfo.swift */,
				8C08E2F41D61610C0011F10C /* TagFrameInfo.swift */,
				8C63CE751D63FE2A00F0C774 /* PushItemInfo.swift */,
			);
			name = M;
			sourceTree = "<group>";
		};
		8C7D3E301D535FF700D21B5A /* V */ = {
			isa = PBXGroup;
			children = (
				8C08E2F61D616C290011F10C /* TagView.swift */,
				8C08E2F81D619B460011F10C /* ImageExtention.swift */,
				8C08E2FE1D62F3280011F10C /* TagImageView.swift */,
			);
			name = V;
			sourceTree = "<group>";
		};
		8C7D3E311D53600100D21B5A /* C */ = {
			isa = PBXGroup;
			children = (
				8C7D3E341D53606700D21B5A /* PushViewController.swift */,
				8C7D3E361D5360A100D21B5A /* CreateItemViewController.swift */,
				8C7D3E491D543C7200D21B5A /* PhotoPickerViewController.swift */,
				97FFBFAC1D602EDB0074839E /* EditImageController.swift */,
				97FFBFAE1D6030BA0074839E /* MainEditImageController.swift */,
				8C08E2FC1D62B8DC0011F10C /* AddTagController.swift */,
				8C63CE731D63FAEC00F0C774 /* EditItemTextController.swift */,
			);
			name = C;
			sourceTree = "<group>";
		};
		8C7D3E4B1D543DCA00D21B5A /* Library */ = {
			isa = PBXGroup;
			children = (
				8C63CEE91D6FE02F00F0C774 /* FDTemplateLayoutCell */,
				97FFBF611D6016040074839E /* MJRefresh */,
				97FFBF2F1D6015ED0074839E /* SDWebImage */,
				97FFBF291D6015DB0074839E /* ProgressHUD */,
				8C7D3E541D5469A300D21B5A /* JVFloatLabeledTextField */,
				8C7D3E4C1D543DFD00D21B5A /* VPImageCropper */,
			);
			name = Library;
			sourceTree = "<group>";
		};
		8C7D3E4C1D543DFD00D21B5A /* VPImageCropper */ = {
			isa = PBXGroup;
			children = (
				8C7D3E4D1D543DFD00D21B5A /* VPImageCropperViewController.h */,
				8C7D3E4E1D543DFD00D21B5A /* VPImageCropperViewController.m */,
			);
			path = VPImageCropper;
			sourceTree = "<group>";
		};
		8C7D3E541D5469A300D21B5A /* JVFloatLabeledTextField */ = {
			isa = PBXGroup;
			children = (
				8C7D3E551D5469A300D21B5A /* JVFloatLabeledTextField.h */,
				8C7D3E561D5469A300D21B5A /* JVFloatLabeledTextField.m */,
				8C7D3E571D5469A300D21B5A /* JVFloatLabeledTextView.h */,
				8C7D3E581D5469A300D21B5A /* JVFloatLabeledTextView.m */,
				8C7D3E591D5469A300D21B5A /* NSString+TextDirectionality.h */,
				8C7D3E5A1D5469A300D21B5A /* NSString+TextDirectionality.m */,
			);
			path = JVFloatLabeledTextField;
			sourceTree = "<group>";
		};
		8CAF93EB1D59B9B300EFDEB2 /* Framework */ = {
			isa = PBXGroup;
			children = (
				97A0A3811D649C3D0074107D /* AVOS.xcodeproj */,
				8CAF94201D59BB5000EFDEB2 /* CoreLocation.framework */,
				8CAF941E1D59BB4500EFDEB2 /* CoreTelephony.framework */,
				8CAF941C1D59BB3800EFDEB2 /* MobileCoreServices.framework */,
				8CAF941A1D59BB2600EFDEB2 /* SystemConfiguration.framework */,
				8CAF94181D59BB1900EFDEB2 /* libsqlite3.tbd */,
				8CAF94161D59BB0E00EFDEB2 /* libicucore.tbd */,
				8CAF94141D59BB0000EFDEB2 /* libc++.tbd */,
				8CAF94121D59BA8300EFDEB2 /* libz.tbd */,
			);
			name = Framework;
			sourceTree = "<group>";
		};
		97A0A3821D649C3D0074107D /* Products */ = {
			isa = PBXGroup;
			children = (
				97A0A3901D649C3D0074107D /* AVOSCloud.framework */,
				97A0A3921D649C3D0074107D /* AVOSCloud-iOSTests.xctest */,
				97A0A3941D649C3D0074107D /* AVOSCloud.framework */,
				97A0A3961D649C3D0074107D /* AVOSCloud-macOSTests.xctest */,
				97A0A3981D649C3D0074107D /* AVOSCloud.framework */,
				97A0A39A1D649C3D0074107D /* AVOSCloud.framework */,
				97A0A39C1D649C3D0074107D /* AVOSCloudIM.framework */,
				97A0A39E1D649C3D0074107D /* AVOSCloudIM-iOSTests.xctest */,
				97A0A3A01D649C3D0074107D /* AVOSCloudIM.framework */,
				97A0A3A21D649C3D0074107D /* AVOSCloudIM-macOSTests.xctest */,
				97A0A3A41D649C3D0074107D /* AVOSCloudCrashReporting.framework */,
			);
			name = Products;
			sourceTree = "<group>";
		};
		97FFBF291D6015DB0074839E /* ProgressHUD */ = {
			isa = PBXGroup;
			children = (
				97FFBF2A1D6015DB0074839E /* ProgressHUD.bundle */,
				97FFBF2B1D6015DB0074839E /* ProgressHUD.h */,
				97FFBF2C1D6015DB0074839E /* ProgressHUD.m */,
			);
			path = ProgressHUD;
			sourceTree = "<group>";
		};
		97FFBF2F1D6015ED0074839E /* SDWebImage */ = {
			isa = PBXGroup;
			children = (
				97FFBF301D6015ED0074839E /* MKAnnotationView+WebCache.h */,
				97FFBF311D6015ED0074839E /* MKAnnotationView+WebCache.m */,
				97FFBF321D6015ED0074839E /* NSData+ImageContentType.h */,
				97FFBF331D6015ED0074839E /* NSData+ImageContentType.m */,
				97FFBF341D6015ED0074839E /* SDImageCache.h */,
				97FFBF351D6015ED0074839E /* SDImageCache.m */,
				97FFBF361D6015ED0074839E /* SDWebImageCompat.h */,
				97FFBF371D6015ED0074839E /* SDWebImageCompat.m */,
				97FFBF381D6015ED0074839E /* SDWebImageDecoder.h */,
				97FFBF391D6015ED0074839E /* SDWebImageDecoder.m */,
				97FFBF3A1D6015ED0074839E /* SDWebImageDownloader.h */,
				97FFBF3B1D6015ED0074839E /* SDWebImageDownloader.m */,
				97FFBF3C1D6015ED0074839E /* SDWebImageDownloaderOperation.h */,
				97FFBF3D1D6015ED0074839E /* SDWebImageDownloaderOperation.m */,
				97FFBF3E1D6015ED0074839E /* SDWebImageManager.h */,
				97FFBF3F1D6015ED0074839E /* SDWebImageManager.m */,
				97FFBF401D6015ED0074839E /* SDWebImageOperation.h */,
				97FFBF411D6015ED0074839E /* SDWebImagePrefetcher.h */,
				97FFBF421D6015ED0074839E /* SDWebImagePrefetcher.m */,
				97FFBF431D6015ED0074839E /* UIButton+WebCache.h */,
				97FFBF441D6015ED0074839E /* UIButton+WebCache.m */,
				97FFBF451D6015ED0074839E /* UIImage+GIF.h */,
				97FFBF461D6015ED0074839E /* UIImage+GIF.m */,
				97FFBF471D6015ED0074839E /* UIImage+MultiFormat.h */,
				97FFBF481D6015ED0074839E /* UIImage+MultiFormat.m */,
				97FFBF491D6015ED0074839E /* UIImage+WebP.h */,
				97FFBF4A1D6015ED0074839E /* UIImage+WebP.m */,
				97FFBF4B1D6015ED0074839E /* UIImageView+HighlightedWebCache.h */,
				97FFBF4C1D6015ED0074839E /* UIImageView+HighlightedWebCache.m */,
				97FFBF4D1D6015ED0074839E /* UIImageView+WebCache.h */,
				97FFBF4E1D6015ED0074839E /* UIImageView+WebCache.m */,
				97FFBF4F1D6015ED0074839E /* UIView+WebCacheOperation.h */,
				97FFBF501D6015ED0074839E /* UIView+WebCacheOperation.m */,
			);
			path = SDWebImage;
			sourceTree = "<group>";
		};
		97FFBF611D6016040074839E /* MJRefresh */ = {
			isa = PBXGroup;
			children = (
				97FFBF621D6016040074839E /* Base */,
				97FFBF6D1D6016040074839E /* Custom */,
				97FFBF841D6016040074839E /* MJRefresh.bundle */,
				97FFBF851D6016040074839E /* MJRefresh.h */,
				97FFBF861D6016040074839E /* MJRefreshConst.h */,
				97FFBF871D6016040074839E /* MJRefreshConst.m */,
				97FFBF881D6016040074839E /* NSBundle+MJRefresh.h */,
				97FFBF891D6016040074839E /* NSBundle+MJRefresh.m */,
				97FFBF8A1D6016040074839E /* UIScrollView+MJExtension.h */,
				97FFBF8B1D6016040074839E /* UIScrollView+MJExtension.m */,
				97FFBF8C1D6016040074839E /* UIScrollView+MJRefresh.h */,
				97FFBF8D1D6016040074839E /* UIScrollView+MJRefresh.m */,
				97FFBF8E1D6016040074839E /* UIView+MJExtension.h */,
				97FFBF8F1D6016040074839E /* UIView+MJExtension.m */,
			);
			path = MJRefresh;
			sourceTree = "<group>";
		};
		97FFBF621D6016040074839E /* Base */ = {
			isa = PBXGroup;
			children = (
				97FFBF631D6016040074839E /* MJRefreshAutoFooter.h */,
				97FFBF641D6016040074839E /* MJRefreshAutoFooter.m */,
				97FFBF651D6016040074839E /* MJRefreshBackFooter.h */,
				97FFBF661D6016040074839E /* MJRefreshBackFooter.m */,
				97FFBF671D6016040074839E /* MJRefreshComponent.h */,
				97FFBF681D6016040074839E /* MJRefreshComponent.m */,
				97FFBF691D6016040074839E /* MJRefreshFooter.h */,
				97FFBF6A1D6016040074839E /* MJRefreshFooter.m */,
				97FFBF6B1D6016040074839E /* MJRefreshHeader.h */,
				97FFBF6C1D6016040074839E /* MJRefreshHeader.m */,
			);
			path = Base;
			sourceTree = "<group>";
		};
		97FFBF6D1D6016040074839E /* Custom */ = {
			isa = PBXGroup;
			children = (
				97FFBF6E1D6016040074839E /* Footer */,
				97FFBF7D1D6016040074839E /* Header */,
			);
			path = Custom;
			sourceTree = "<group>";
		};
		97FFBF6E1D6016040074839E /* Footer */ = {
			isa = PBXGroup;
			children = (
				97FFBF6F1D6016040074839E /* Auto */,
				97FFBF761D6016040074839E /* Back */,
			);
			path = Footer;
			sourceTree = "<group>";
		};
		97FFBF6F1D6016040074839E /* Auto */ = {
			isa = PBXGroup;
			children = (
				97FFBF701D6016040074839E /* MJRefreshAutoGifFooter.h */,
				97FFBF711D6016040074839E /* MJRefreshAutoGifFooter.m */,
				97FFBF721D6016040074839E /* MJRefreshAutoNormalFooter.h */,
				97FFBF731D6016040074839E /* MJRefreshAutoNormalFooter.m */,
				97FFBF741D6016040074839E /* MJRefreshAutoStateFooter.h */,
				97FFBF751D6016040074839E /* MJRefreshAutoStateFooter.m */,
			);
			path = Auto;
			sourceTree = "<group>";
		};
		97FFBF761D6016040074839E /* Back */ = {
			isa = PBXGroup;
			children = (
				97FFBF771D6016040074839E /* MJRefreshBackGifFooter.h */,
				97FFBF781D6016040074839E /* MJRefreshBackGifFooter.m */,
				97FFBF791D6016040074839E /* MJRefreshBackNormalFooter.h */,
				97FFBF7A1D6016040074839E /* MJRefreshBackNormalFooter.m */,
				97FFBF7B1D6016040074839E /* MJRefreshBackStateFooter.h */,
				97FFBF7C1D6016040074839E /* MJRefreshBackStateFooter.m */,
			);
			path = Back;
			sourceTree = "<group>";
		};
		97FFBF7D1D6016040074839E /* Header */ = {
			isa = PBXGroup;
			children = (
				97FFBF7E1D6016040074839E /* MJRefreshGifHeader.h */,
				97FFBF7F1D6016040074839E /* MJRefreshGifHeader.m */,
				97FFBF801D6016040074839E /* MJRefreshNormalHeader.h */,
				97FFBF811D6016040074839E /* MJRefreshNormalHeader.m */,
				97FFBF821D6016040074839E /* MJRefreshStateHeader.h */,
				97FFBF831D6016040074839E /* MJRefreshStateHeader.m */,
			);
			path = Header;
			sourceTree = "<group>";
		};
		97FFBFB21D6032250074839E /* UI */ = {
			isa = PBXGroup;
			children = (
				8C7D3E071D5349CA00D21B5A /* LaunchScreen.storyboard */,
				97FFBFB01D6031E30074839E /* PushImage.storyboard */,
				8C7D3E021D5349CA00D21B5A /* Main.storyboard */,
				8C63CE771D64001C00F0C774 /* Login.storyboard */,
			);
			name = UI;
			sourceTree = "<group>";
		};
/* End PBXGroup section */

/* Begin PBXNativeTarget section */
		8C7D3DFA1D5349CA00D21B5A /* Siwu */ = {
			isa = PBXNativeTarget;
			buildConfigurationList = 8C7D3E231D5349CA00D21B5A /* Build configuration list for PBXNativeTarget "Siwu" */;
			buildPhases = (
				8C7D3DF71D5349CA00D21B5A /* Sources */,
				8C7D3DF81D5349CA00D21B5A /* Frameworks */,
				8C7D3DF91D5349CA00D21B5A /* Resources */,
			);
			buildRules = (
			);
			dependencies = (
			);
			name = Siwu;
			productName = Siwu;
			productReference = 8C7D3DFB1D5349CA00D21B5A /* Siwu.app */;
			productType = "com.apple.product-type.application";
		};
		8C7D3E0E1D5349CA00D21B5A /* SiwuTests */ = {
			isa = PBXNativeTarget;
			buildConfigurationList = 8C7D3E261D5349CA00D21B5A /* Build configuration list for PBXNativeTarget "SiwuTests" */;
			buildPhases = (
				8C7D3E0B1D5349CA00D21B5A /* Sources */,
				8C7D3E0C1D5349CA00D21B5A /* Frameworks */,
				8C7D3E0D1D5349CA00D21B5A /* Resources */,
			);
			buildRules = (
			);
			dependencies = (
				8C7D3E111D5349CA00D21B5A /* PBXTargetDependency */,
			);
			name = SiwuTests;
			productName = SiwuTests;
			productReference = 8C7D3E0F1D5349CA00D21B5A /* SiwuTests.xctest */;
			productType = "com.apple.product-type.bundle.unit-test";
		};
		8C7D3E191D5349CA00D21B5A /* SiwuUITests */ = {
			isa = PBXNativeTarget;
			buildConfigurationList = 8C7D3E291D5349CA00D21B5A /* Build configuration list for PBXNativeTarget "SiwuUITests" */;
			buildPhases = (
				8C7D3E161D5349CA00D21B5A /* Sources */,
				8C7D3E171D5349CA00D21B5A /* Frameworks */,
				8C7D3E181D5349CA00D21B5A /* Resources */,
			);
			buildRules = (
			);
			dependencies = (
				8C7D3E1C1D5349CA00D21B5A /* PBXTargetDependency */,
			);
			name = SiwuUITests;
			productName = SiwuUITests;
			productReference = 8C7D3E1A1D5349CA00D21B5A /* SiwuUITests.xctest */;
			productType = "com.apple.product-type.bundle.ui-testing";
		};
/* End PBXNativeTarget section */

/* Begin PBXProject section */
		8C7D3DF31D5349CA00D21B5A /* Project object */ = {
			isa = PBXProject;
			attributes = {
				LastSwiftUpdateCheck = 0720;
				LastUpgradeCheck = 0720;
				ORGANIZATIONNAME = edu;
				TargetAttributes = {
					8C7D3DFA1D5349CA00D21B5A = {
						CreatedOnToolsVersion = 7.2.1;
						DevelopmentTeam = BDBW362H79;
					};
					8C7D3E0E1D5349CA00D21B5A = {
						CreatedOnToolsVersion = 7.2.1;
						DevelopmentTeam = BDBW362H79;
						TestTargetID = 8C7D3DFA1D5349CA00D21B5A;
					};
					8C7D3E191D5349CA00D21B5A = {
						CreatedOnToolsVersion = 7.2.1;
						DevelopmentTeam = BDBW362H79;
						TestTargetID = 8C7D3DFA1D5349CA00D21B5A;
					};
				};
			};
			buildConfigurationList = 8C7D3DF61D5349CA00D21B5A /* Build configuration list for PBXProject "Siwu" */;
			compatibilityVersion = "Xcode 3.2";
			developmentRegion = English;
			hasScannedForEncodings = 0;
			knownRegions = (
				en,
				Base,
			);
			mainGroup = 8C7D3DF21D5349CA00D21B5A;
			productRefGroup = 8C7D3DFC1D5349CA00D21B5A /* Products */;
			projectDirPath = "";
			projectReferences = (
				{
					ProductGroup = 97A0A3821D649C3D0074107D /* Products */;
					ProjectRef = 97A0A3811D649C3D0074107D /* AVOS.xcodeproj */;
				},
			);
			projectRoot = "";
			targets = (
				8C7D3DFA1D5349CA00D21B5A /* Siwu */,
				8C7D3E0E1D5349CA00D21B5A /* SiwuTests */,
				8C7D3E191D5349CA00D21B5A /* SiwuUITests */,
			);
		};
/* End PBXProject section */

/* Begin PBXReferenceProxy section */
		97A0A3901D649C3D0074107D /* AVOSCloud.framework */ = {
			isa = PBXReferenceProxy;
			fileType = wrapper.framework;
			path = AVOSCloud.framework;
			remoteRef = 97A0A38F1D649C3D0074107D /* PBXContainerItemProxy */;
			sourceTree = BUILT_PRODUCTS_DIR;
		};
		97A0A3921D649C3D0074107D /* AVOSCloud-iOSTests.xctest */ = {
			isa = PBXReferenceProxy;
			fileType = wrapper.cfbundle;
			path = "AVOSCloud-iOSTests.xctest";
			remoteRef = 97A0A3911D649C3D0074107D /* PBXContainerItemProxy */;
			sourceTree = BUILT_PRODUCTS_DIR;
		};
		97A0A3941D649C3D0074107D /* AVOSCloud.framework */ = {
			isa = PBXReferenceProxy;
			fileType = wrapper.framework;
			path = AVOSCloud.framework;
			remoteRef = 97A0A3931D649C3D0074107D /* PBXContainerItemProxy */;
			sourceTree = BUILT_PRODUCTS_DIR;
		};
		97A0A3961D649C3D0074107D /* AVOSCloud-macOSTests.xctest */ = {
			isa = PBXReferenceProxy;
			fileType = wrapper.cfbundle;
			path = "AVOSCloud-macOSTests.xctest";
			remoteRef = 97A0A3951D649C3D0074107D /* PBXContainerItemProxy */;
			sourceTree = BUILT_PRODUCTS_DIR;
		};
		97A0A3981D649C3D0074107D /* AVOSCloud.framework */ = {
			isa = PBXReferenceProxy;
			fileType = wrapper.framework;
			path = AVOSCloud.framework;
			remoteRef = 97A0A3971D649C3D0074107D /* PBXContainerItemProxy */;
			sourceTree = BUILT_PRODUCTS_DIR;
		};
		97A0A39A1D649C3D0074107D /* AVOSCloud.framework */ = {
			isa = PBXReferenceProxy;
			fileType = wrapper.framework;
			path = AVOSCloud.framework;
			remoteRef = 97A0A3991D649C3D0074107D /* PBXContainerItemProxy */;
			sourceTree = BUILT_PRODUCTS_DIR;
		};
		97A0A39C1D649C3D0074107D /* AVOSCloudIM.framework */ = {
			isa = PBXReferenceProxy;
			fileType = wrapper.framework;
			path = AVOSCloudIM.framework;
			remoteRef = 97A0A39B1D649C3D0074107D /* PBXContainerItemProxy */;
			sourceTree = BUILT_PRODUCTS_DIR;
		};
		97A0A39E1D649C3D0074107D /* AVOSCloudIM-iOSTests.xctest */ = {
			isa = PBXReferenceProxy;
			fileType = wrapper.cfbundle;
			path = "AVOSCloudIM-iOSTests.xctest";
			remoteRef = 97A0A39D1D649C3D0074107D /* PBXContainerItemProxy */;
			sourceTree = BUILT_PRODUCTS_DIR;
		};
		97A0A3A01D649C3D0074107D /* AVOSCloudIM.framework */ = {
			isa = PBXReferenceProxy;
			fileType = wrapper.framework;
			path = AVOSCloudIM.framework;
			remoteRef = 97A0A39F1D649C3D0074107D /* PBXContainerItemProxy */;
			sourceTree = BUILT_PRODUCTS_DIR;
		};
		97A0A3A21D649C3D0074107D /* AVOSCloudIM-macOSTests.xctest */ = {
			isa = PBXReferenceProxy;
			fileType = wrapper.cfbundle;
			path = "AVOSCloudIM-macOSTests.xctest";
			remoteRef = 97A0A3A11D649C3D0074107D /* PBXContainerItemProxy */;
			sourceTree = BUILT_PRODUCTS_DIR;
		};
		97A0A3A41D649C3D0074107D /* AVOSCloudCrashReporting.framework */ = {
			isa = PBXReferenceProxy;
			fileType = wrapper.framework;
			path = AVOSCloudCrashReporting.framework;
			remoteRef = 97A0A3A31D649C3D0074107D /* PBXContainerItemProxy */;
			sourceTree = BUILT_PRODUCTS_DIR;
		};
/* End PBXReferenceProxy section */

/* Begin PBXResourcesBuildPhase section */
		8C7D3DF91D5349CA00D21B5A /* Resources */ = {
			isa = PBXResourcesBuildPhase;
			buildActionMask = 2147483647;
			files = (
				97FFBF2D1D6015DB0074839E /* ProgressHUD.bundle in Resources */,
				8C7D3E091D5349CA00D21B5A /* LaunchScreen.storyboard in Resources */,
				8C63CE781D64001C00F0C774 /* Login.storyboard in Resources */,
				8C7D3E061D5349CA00D21B5A /* Assets.xcassets in Resources */,
				8C63CED21D654F5300F0C774 /* ItemCell.xib in Resources */,
				97FFBF9E1D6016040074839E /* MJRefresh.bundle in Resources */,
				97FFBFB11D6031E30074839E /* PushImage.storyboard in Resources */,
				8C63CEFC1D7011F200F0C774 /* MyCell.xib in Resources */,
				8C7D3E041D5349CA00D21B5A /* Main.storyboard in Resources */,
			);
			runOnlyForDeploymentPostprocessing = 0;
		};
		8C7D3E0D1D5349CA00D21B5A /* Resources */ = {
			isa = PBXResourcesBuildPhase;
			buildActionMask = 2147483647;
			files = (
			);
			runOnlyForDeploymentPostprocessing = 0;
		};
		8C7D3E181D5349CA00D21B5A /* Resources */ = {
			isa = PBXResourcesBuildPhase;
			buildActionMask = 2147483647;
			files = (
			);
			runOnlyForDeploymentPostprocessing = 0;
		};
/* End PBXResourcesBuildPhase section */

/* Begin PBXSourcesBuildPhase section */
		8C7D3DF71D5349CA00D21B5A /* Sources */ = {
			isa = PBXSourcesBuildPhase;
			buildActionMask = 2147483647;
			files = (
				97FFBF5B1D6015ED0074839E /* UIImage+GIF.m in Sources */,
				8C08E2F71D616C290011F10C /* TagView.swift in Sources */,
				97FFBF951D6016040074839E /* MJRefreshAutoGifFooter.m in Sources */,
				97FFBF971D6016040074839E /* MJRefreshAutoStateFooter.m in Sources */,
				97FFBFA31D6016040074839E /* UIView+MJExtension.m in Sources */,
				8C7D3E4A1D543C7200D21B5A /* PhotoPickerViewController.swift in Sources */,
				8C08E2FD1D62B8DC0011F10C /* AddTagController.swift in Sources */,
				97FFBF921D6016040074839E /* MJRefreshComponent.m in Sources */,
				8C63CE871D64081B00F0C774 /* RegisterController.swift in Sources */,
				97FFBF931D6016040074839E /* MJRefreshFooter.m in Sources */,
				97FFBF591D6015ED0074839E /* SDWebImagePrefetcher.m in Sources */,
				8C63CED11D654F5300F0C774 /* ItemCell.swift in Sources */,
				97FFBFAF1D6030BA0074839E /* MainEditImageController.swift in Sources */,
				8C7D3E011D5349CA00D21B5A /* ViewController.swift in Sources */,
				8C63CEFF1D70266E00F0C774 /* ItemContent.swift in Sources */,
				97FFBFA91D601EF10074839E /* MainTabBarController.swift in Sources */,
				97FFBFA11D6016040074839E /* UIScrollView+MJExtension.m in Sources */,
				8C63CECC1D6461EB00F0C774 /* UserViewController.swift in Sources */,
				8C7D3E4F1D543DFD00D21B5A /* VPImageCropperViewController.m in Sources */,
				8C08E2FF1D62F3280011F10C /* TagImageView.swift in Sources */,
				97FFBFA71D601B880074839E /* MainTabBar.swift in Sources */,
				97FFBF521D6015ED0074839E /* NSData+ImageContentType.m in Sources */,
				8C63CE761D63FE2A00F0C774 /* PushItemInfo.swift in Sources */,
				8C7D3E521D543EB700D21B5A /* Config.swift in Sources */,
				8C08E2F31D6160320011F10C /* TagInfo.swift in Sources */,
				8C63CEF31D6FE02F00F0C774 /* UITableView+FDKeyedHeightCache.m in Sources */,
				8C7D3E5B1D5469A300D21B5A /* JVFloatLabeledTextField.m in Sources */,
				97FFBF9B1D6016040074839E /* MJRefreshGifHeader.m in Sources */,
				97FFBF5A1D6015ED0074839E /* UIButton+WebCache.m in Sources */,
				8C63CF011D7140E500F0C774 /* AspectFitImageView.swift in Sources */,
				8C08E2F51D61610C0011F10C /* TagFrameInfo.swift in Sources */,
				8C63CE741D63FAEC00F0C774 /* EditItemTextController.swift in Sources */,
				97FFBF9D1D6016040074839E /* MJRefreshStateHeader.m in Sources */,
				97FFBF571D6015ED0074839E /* SDWebImageDownloaderOperation.m in Sources */,
				8C63CED41D65B50B00F0C774 /* TimeLineView.swift in Sources */,
				97FFBF991D6016040074839E /* MJRefreshBackNormalFooter.m in Sources */,
				97FFBF511D6015ED0074839E /* MKAnnotationView+WebCache.m in Sources */,
				97FFBF541D6015ED0074839E /* SDWebImageCompat.m in Sources */,
				97FFBFAD1D602EDB0074839E /* EditImageController.swift in Sources */,
				8C7D3E351D53606700D21B5A /* PushViewController.swift in Sources */,
				97FFBF5C1D6015ED0074839E /* UIImage+MultiFormat.m in Sources */,
				8C63CEF21D6FE02F00F0C774 /* UITableView+FDIndexPathHeightCache.m in Sources */,
				97FFBF5F1D6015ED0074839E /* UIImageView+WebCache.m in Sources */,
				97FFBFA21D6016040074839E /* UIScrollView+MJRefresh.m in Sources */,
				97FFBF2E1D6015DB0074839E /* ProgressHUD.m in Sources */,
				8C63CEF41D6FE02F00F0C774 /* UITableView+FDTemplateLayoutCell.m in Sources */,
				97FFBF601D6015ED0074839E /* UIView+WebCacheOperation.m in Sources */,
				8C7D3E5C1D5469A300D21B5A /* JVFloatLabeledTextView.m in Sources */,
				8C7D3DFF1D5349CA00D21B5A /* AppDelegate.swift in Sources */,
				97FFBF561D6015ED0074839E /* SDWebImageDownloader.m in Sources */,
				97FFBF9C1D6016040074839E /* MJRefreshNormalHeader.m in Sources */,
				97FFBFA01D6016040074839E /* NSBundle+MJRefresh.m in Sources */,
				97FFBF961D6016040074839E /* MJRefreshAutoNormalFooter.m in Sources */,
				8C63CEFB1D7011F200F0C774 /* MyCell.swift in Sources */,
				97FFBF5E1D6015ED0074839E /* UIImageView+HighlightedWebCache.m in Sources */,
				97FFBF551D6015ED0074839E /* SDWebImageDecoder.m in Sources */,
				97FFBF901D6016040074839E /* MJRefreshAutoFooter.m in Sources */,
				97FFBF5D1D6015ED0074839E /* UIImage+WebP.m in Sources */,
				8C63CE851D6406D300F0C774 /* LoginViewController.swift in Sources */,
				97FFBF9A1D6016040074839E /* MJRefreshBackStateFooter.m in Sources */,
				8C08E2F91D619B460011F10C /* ImageExtention.swift in Sources */,
				97FFBF581D6015ED0074839E /* SDWebImageManager.m in Sources */,
				97FFBF941D6016040074839E /* MJRefreshHeader.m in Sources */,
				97FFBF981D6016040074839E /* MJRefreshBackGifFooter.m in Sources */,
				8C63CEF51D6FE02F00F0C774 /* UITableView+FDTemplateLayoutCellDebug.m in Sources */,
				8C7D3E5D1D5469A300D21B5A /* NSString+TextDirectionality.m in Sources */,
				97FFBF9F1D6016040074839E /* MJRefreshConst.m in Sources */,
				8C63CE831D64066F00F0C774 /* HomeViewController.swift in Sources */,
				8C7D3E371D5360A100D21B5A /* CreateItemViewController.swift in Sources */,
				97FFBF531D6015ED0074839E /* SDImageCache.m in Sources */,
				97FFBF911D6016040074839E /* MJRefreshBackFooter.m in Sources */,
			);
			runOnlyForDeploymentPostprocessing = 0;
		};
		8C7D3E0B1D5349CA00D21B5A /* Sources */ = {
			isa = PBXSourcesBuildPhase;
			buildActionMask = 2147483647;
			files = (
				8C7D3E141D5349CA00D21B5A /* SiwuTests.swift in Sources */,
			);
			runOnlyForDeploymentPostprocessing = 0;
		};
		8C7D3E161D5349CA00D21B5A /* Sources */ = {
			isa = PBXSourcesBuildPhase;
			buildActionMask = 2147483647;
			files = (
				8C7D3E1F1D5349CA00D21B5A /* SiwuUITests.swift in Sources */,
			);
			runOnlyForDeploymentPostprocessing = 0;
		};
/* End PBXSourcesBuildPhase section */

/* Begin PBXTargetDependency section */
		8C7D3E111D5349CA00D21B5A /* PBXTargetDependency */ = {
			isa = PBXTargetDependency;
			target = 8C7D3DFA1D5349CA00D21B5A /* Siwu */;
			targetProxy = 8C7D3E101D5349CA00D21B5A /* PBXContainerItemProxy */;
		};
		8C7D3E1C1D5349CA00D21B5A /* PBXTargetDependency */ = {
			isa = PBXTargetDependency;
			target = 8C7D3DFA1D5349CA00D21B5A /* Siwu */;
			targetProxy = 8C7D3E1B1D5349CA00D21B5A /* PBXContainerItemProxy */;
		};
/* End PBXTargetDependency section */

/* Begin PBXVariantGroup section */
		8C7D3E021D5349CA00D21B5A /* Main.storyboard */ = {
			isa = PBXVariantGroup;
			children = (
				8C7D3E031D5349CA00D21B5A /* Base */,
			);
			name = Main.storyboard;
			sourceTree = "<group>";
		};
		8C7D3E071D5349CA00D21B5A /* LaunchScreen.storyboard */ = {
			isa = PBXVariantGroup;
			children = (
				8C7D3E081D5349CA00D21B5A /* Base */,
			);
			name = LaunchScreen.storyboard;
			sourceTree = "<group>";
		};
/* End PBXVariantGroup section */

/* Begin XCBuildConfiguration section */
		8C7D3E211D5349CA00D21B5A /* Debug */ = {
			isa = XCBuildConfiguration;
			buildSettings = {
				ALWAYS_SEARCH_USER_PATHS = NO;
				CLANG_CXX_LANGUAGE_STANDARD = "gnu++0x";
				CLANG_CXX_LIBRARY = "libc++";
				CLANG_ENABLE_MODULES = YES;
				CLANG_ENABLE_OBJC_ARC = YES;
				CLANG_WARN_BOOL_CONVERSION = YES;
				CLANG_WARN_CONSTANT_CONVERSION = YES;
				CLANG_WARN_DIRECT_OBJC_ISA_USAGE = YES_ERROR;
				CLANG_WARN_EMPTY_BODY = YES;
				CLANG_WARN_ENUM_CONVERSION = YES;
				CLANG_WARN_INT_CONVERSION = YES;
				CLANG_WARN_OBJC_ROOT_CLASS = YES_ERROR;
				CLANG_WARN_UNREACHABLE_CODE = YES;
				CLANG_WARN__DUPLICATE_METHOD_MATCH = YES;
				"CODE_SIGN_IDENTITY[sdk=iphoneos*]" = "iPhone Developer";
				COPY_PHASE_STRIP = NO;
				DEBUG_INFORMATION_FORMAT = dwarf;
				ENABLE_STRICT_OBJC_MSGSEND = YES;
				ENABLE_TESTABILITY = YES;
				GCC_C_LANGUAGE_STANDARD = gnu99;
				GCC_DYNAMIC_NO_PIC = NO;
				GCC_NO_COMMON_BLOCKS = YES;
				GCC_OPTIMIZATION_LEVEL = 0;
				GCC_PREPROCESSOR_DEFINITIONS = (
					"DEBUG=1",
					"$(inherited)",
				);
				GCC_WARN_64_TO_32_BIT_CONVERSION = YES;
				GCC_WARN_ABOUT_RETURN_TYPE = YES_ERROR;
				GCC_WARN_UNDECLARED_SELECTOR = YES;
				GCC_WARN_UNINITIALIZED_AUTOS = YES_AGGRESSIVE;
				GCC_WARN_UNUSED_FUNCTION = YES;
				GCC_WARN_UNUSED_VARIABLE = YES;
				IPHONEOS_DEPLOYMENT_TARGET = 9.2;
				MTL_ENABLE_DEBUG_INFO = YES;
				ONLY_ACTIVE_ARCH = YES;
				SDKROOT = iphoneos;
				SWIFT_OPTIMIZATION_LEVEL = "-Onone";
			};
			name = Debug;
		};
		8C7D3E221D5349CA00D21B5A /* Release */ = {
			isa = XCBuildConfiguration;
			buildSettings = {
				ALWAYS_SEARCH_USER_PATHS = NO;
				CLANG_CXX_LANGUAGE_STANDARD = "gnu++0x";
				CLANG_CXX_LIBRARY = "libc++";
				CLANG_ENABLE_MODULES = YES;
				CLANG_ENABLE_OBJC_ARC = YES;
				CLANG_WARN_BOOL_CONVERSION = YES;
				CLANG_WARN_CONSTANT_CONVERSION = YES;
				CLANG_WARN_DIRECT_OBJC_ISA_USAGE = YES_ERROR;
				CLANG_WARN_EMPTY_BODY = YES;
				CLANG_WARN_ENUM_CONVERSION = YES;
				CLANG_WARN_INT_CONVERSION = YES;
				CLANG_WARN_OBJC_ROOT_CLASS = YES_ERROR;
				CLANG_WARN_UNREACHABLE_CODE = YES;
				CLANG_WARN__DUPLICATE_METHOD_MATCH = YES;
				"CODE_SIGN_IDENTITY[sdk=iphoneos*]" = "iPhone Developer";
				COPY_PHASE_STRIP = NO;
				DEBUG_INFORMATION_FORMAT = "dwarf-with-dsym";
				ENABLE_NS_ASSERTIONS = NO;
				ENABLE_STRICT_OBJC_MSGSEND = YES;
				GCC_C_LANGUAGE_STANDARD = gnu99;
				GCC_NO_COMMON_BLOCKS = YES;
				GCC_WARN_64_TO_32_BIT_CONVERSION = YES;
				GCC_WARN_ABOUT_RETURN_TYPE = YES_ERROR;
				GCC_WARN_UNDECLARED_SELECTOR = YES;
				GCC_WARN_UNINITIALIZED_AUTOS = YES_AGGRESSIVE;
				GCC_WARN_UNUSED_FUNCTION = YES;
				GCC_WARN_UNUSED_VARIABLE = YES;
				IPHONEOS_DEPLOYMENT_TARGET = 9.2;
				MTL_ENABLE_DEBUG_INFO = NO;
				SDKROOT = iphoneos;
				VALIDATE_PRODUCT = YES;
			};
			name = Release;
		};
		8C7D3E241D5349CA00D21B5A /* Debug */ = {
			isa = XCBuildConfiguration;
			buildSettings = {
				ASSETCATALOG_COMPILER_APPICON_NAME = AppIcon;
				INFOPLIST_FILE = Siwu/Info.plist;
				LD_RUNPATH_SEARCH_PATHS = "$(inherited) @executable_path/Frameworks";
				OTHER_LDFLAGS = "-ObjC";
				PRODUCT_BUNDLE_IDENTIFIER = com.zte.Siwu;
				PRODUCT_NAME = "$(TARGET_NAME)";
				SWIFT_OBJC_BRIDGING_HEADER = "Siwu/Siwu-bridging-header.h";
			};
			name = Debug;
		};
		8C7D3E251D5349CA00D21B5A /* Release */ = {
			isa = XCBuildConfiguration;
			buildSettings = {
				ASSETCATALOG_COMPILER_APPICON_NAME = AppIcon;
				INFOPLIST_FILE = Siwu/Info.plist;
				LD_RUNPATH_SEARCH_PATHS = "$(inherited) @executable_path/Frameworks";
				OTHER_LDFLAGS = "-ObjC";
				PRODUCT_BUNDLE_IDENTIFIER = com.zte.Siwu;
				PRODUCT_NAME = "$(TARGET_NAME)";
				SWIFT_OBJC_BRIDGING_HEADER = "Siwu/Siwu-bridging-header.h";
			};
			name = Release;
		};
		8C7D3E271D5349CA00D21B5A /* Debug */ = {
			isa = XCBuildConfiguration;
			buildSettings = {
				BUNDLE_LOADER = "$(TEST_HOST)";
				INFOPLIST_FILE = SiwuTests/Info.plist;
				LD_RUNPATH_SEARCH_PATHS = "$(inherited) @executable_path/Frameworks @loader_path/Frameworks";
				PRODUCT_BUNDLE_IDENTIFIER = com.zte.SiwuTests;
				PRODUCT_NAME = "$(TARGET_NAME)";
				TEST_HOST = "$(BUILT_PRODUCTS_DIR)/Siwu.app/Siwu";
			};
			name = Debug;
		};
		8C7D3E281D5349CA00D21B5A /* Release */ = {
			isa = XCBuildConfiguration;
			buildSettings = {
				BUNDLE_LOADER = "$(TEST_HOST)";
				INFOPLIST_FILE = SiwuTests/Info.plist;
				LD_RUNPATH_SEARCH_PATHS = "$(inherited) @executable_path/Frameworks @loader_path/Frameworks";
				PRODUCT_BUNDLE_IDENTIFIER = com.zte.SiwuTests;
				PRODUCT_NAME = "$(TARGET_NAME)";
				TEST_HOST = "$(BUILT_PRODUCTS_DIR)/Siwu.app/Siwu";
			};
			name = Release;
		};
		8C7D3E2A1D5349CA00D21B5A /* Debug */ = {
			isa = XCBuildConfiguration;
			buildSettings = {
				INFOPLIST_FILE = SiwuUITests/Info.plist;
				LD_RUNPATH_SEARCH_PATHS = "$(inherited) @executable_path/Frameworks @loader_path/Frameworks";
				PRODUCT_BUNDLE_IDENTIFIER = com.zte.SiwuUITests;
				PRODUCT_NAME = "$(TARGET_NAME)";
				TEST_TARGET_NAME = Siwu;
				USES_XCTRUNNER = YES;
			};
			name = Debug;
		};
		8C7D3E2B1D5349CA00D21B5A /* Release */ = {
			isa = XCBuildConfiguration;
			buildSettings = {
				INFOPLIST_FILE = SiwuUITests/Info.plist;
				LD_RUNPATH_SEARCH_PATHS = "$(inherited) @executable_path/Frameworks @loader_path/Frameworks";
				PRODUCT_BUNDLE_IDENTIFIER = com.zte.SiwuUITests;
				PRODUCT_NAME = "$(TARGET_NAME)";
				TEST_TARGET_NAME = Siwu;
				USES_XCTRUNNER = YES;
			};
			name = Release;
		};
/* End XCBuildConfiguration section */

/* Begin XCConfigurationList section */
		8C7D3DF61D5349CA00D21B5A /* Build configuration list for PBXProject "Siwu" */ = {
			isa = XCConfigurationList;
			buildConfigurations = (
				8C7D3E211D5349CA00D21B5A /* Debug */,
				8C7D3E221D5349CA00D21B5A /* Release */,
			);
			defaultConfigurationIsVisible = 0;
			defaultConfigurationName = Release;
		};
		8C7D3E231D5349CA00D21B5A /* Build configuration list for PBXNativeTarget "Siwu" */ = {
			isa = XCConfigurationList;
			buildConfigurations = (
				8C7D3E241D5349CA00D21B5A /* Debug */,
				8C7D3E251D5349CA00D21B5A /* Release */,
			);
			defaultConfigurationIsVisible = 0;
			defaultConfigurationName = Release;
		};
		8C7D3E261D5349CA00D21B5A /* Build configuration list for PBXNativeTarget "SiwuTests" */ = {
			isa = XCConfigurationList;
			buildConfigurations = (
				8C7D3E271D5349CA00D21B5A /* Debug */,
				8C7D3E281D5349CA00D21B5A /* Release */,
			);
			defaultConfigurationIsVisible = 0;
			defaultConfigurationName = Release;
		};
		8C7D3E291D5349CA00D21B5A /* Build configuration list for PBXNativeTarget "SiwuUITests" */ = {
			isa = XCConfigurationList;
			buildConfigurations = (
				8C7D3E2A1D5349CA00D21B5A /* Debug */,
				8C7D3E2B1D5349CA00D21B5A /* Release */,
			);
			defaultConfigurationIsVisible = 0;
			defaultConfigurationName = Release;
		};
/* End XCConfigurationList section */
	};
	rootObject = 8C7D3DF31D5349CA00D21B5A /* Project object */;
}
